// !$*UTF8*$!
{
	archiveVersion = 1;
	classes = {
	};
	objectVersion = 46;
	objects = {

/* Begin PBXBuildFile section */
		2F4F37541B5444FE000C3D11 /* Alamofire.framework in Frameworks */ = {isa = PBXBuildFile; fileRef = 2F4F37531B5444FE000C3D11 /* Alamofire.framework */; };
		2F575D6B1A83025400BA6433 /* ProgressView.swift in Sources */ = {isa = PBXBuildFile; fileRef = 2F575D6A1A83025400BA6433 /* ProgressView.swift */; };
		2F575D6F1A83ED1200BA6433 /* CheckInVC.swift in Sources */ = {isa = PBXBuildFile; fileRef = 2F575D6E1A83ED1200BA6433 /* CheckInVC.swift */; };
		3B1A4C7319DE0C08000F265C /* AppDelegate.swift in Sources */ = {isa = PBXBuildFile; fileRef = 3B1A4C7219DE0C08000F265C /* AppDelegate.swift */; };
		3B1A4C7519DE0C08000F265C /* ListVC.swift in Sources */ = {isa = PBXBuildFile; fileRef = 3B1A4C7419DE0C08000F265C /* ListVC.swift */; };
		3B1A4C7A19DE0C08000F265C /* Main.storyboard in Resources */ = {isa = PBXBuildFile; fileRef = 3B1A4C7819DE0C08000F265C /* Main.storyboard */; };
		3B1A4C7C19DE0C09000F265C /* Images.xcassets in Resources */ = {isa = PBXBuildFile; fileRef = 3B1A4C7B19DE0C09000F265C /* Images.xcassets */; };
		3B1A4C7F19DE0C09000F265C /* LaunchScreen.xib in Resources */ = {isa = PBXBuildFile; fileRef = 3B1A4C7D19DE0C09000F265C /* LaunchScreen.xib */; };
		3B1A4C8B19DE0C09000F265C /* SouthwestTravelManagerTests.swift in Sources */ = {isa = PBXBuildFile; fileRef = 3B1A4C8A19DE0C09000F265C /* SouthwestTravelManagerTests.swift */; };
		3B2BBF171A2E33C500393C8C /* Flight.swift in Sources */ = {isa = PBXBuildFile; fileRef = 3BA67F6719E88364007CE97D /* Flight.swift */; };
		3B2BBF181A2E33EF00393C8C /* Extensions.swift in Sources */ = {isa = PBXBuildFile; fileRef = 3BE9045419F8614300B0977F /* Extensions.swift */; };
		3B2BBF191A2E33F200393C8C /* TravelFund.swift in Sources */ = {isa = PBXBuildFile; fileRef = 3BF7916A19EC50AB0081CEE6 /* TravelFund.swift */; };
		3B2BBF1A1A2E33F500393C8C /* Airport.swift in Sources */ = {isa = PBXBuildFile; fileRef = 3BF7916C19EC54A20081CEE6 /* Airport.swift */; };
		3B560FC21A2FF2D1008E3834 /* AboutVC.swift in Sources */ = {isa = PBXBuildFile; fileRef = 3B560FC11A2FF2D1008E3834 /* AboutVC.swift */; };
		3B560FC41A30DD6A008E3834 /* Passenger.swift in Sources */ = {isa = PBXBuildFile; fileRef = 3B560FC31A30DD6A008E3834 /* Passenger.swift */; };
		3B713D521A5FA685001D5CDB /* Passenger.swift in Sources */ = {isa = PBXBuildFile; fileRef = 3B560FC31A30DD6A008E3834 /* Passenger.swift */; };
		3B78F93C19F06ADB0066074D /* ConfirmationDelegate.swift in Sources */ = {isa = PBXBuildFile; fileRef = 3B78F93B19F06ADB0066074D /* ConfirmationDelegate.swift */; };
		3B7B356C1A13FD5200C099E5 /* NotificationManager.swift in Sources */ = {isa = PBXBuildFile; fileRef = 3B7B356B1A13FD5200C099E5 /* NotificationManager.swift */; };
		3B89746A19F5C9CE00D4ACAF /* FlightListDataSource.swift in Sources */ = {isa = PBXBuildFile; fileRef = 3B89746919F5C9CE00D4ACAF /* FlightListDataSource.swift */; };
		3B89746C19F6CF6C00D4ACAF /* TravelFundVC.swift in Sources */ = {isa = PBXBuildFile; fileRef = 3B89746B19F6CF6C00D4ACAF /* TravelFundVC.swift */; };
		3BA67F6819E88364007CE97D /* Flight.swift in Sources */ = {isa = PBXBuildFile; fileRef = 3BA67F6719E88364007CE97D /* Flight.swift */; };
		3BC0837C19F99F1900ED60EA /* FundSelectionVC.swift in Sources */ = {isa = PBXBuildFile; fileRef = 3BC0837B19F99F1900ED60EA /* FundSelectionVC.swift */; };
		3BC0837E19F9A7EB00ED60EA /* TravelFundSelectionDataSource.swift in Sources */ = {isa = PBXBuildFile; fileRef = 3BC0837D19F9A7EB00ED60EA /* TravelFundSelectionDataSource.swift */; };
		3BC472B41A4CDDC900DEB676 /* Radar.aiff in Resources */ = {isa = PBXBuildFile; fileRef = 3BC472B31A4CDDC900DEB676 /* Radar.aiff */; };
		3BC77E7A19F5737E00FC27C7 /* TSCurrencyTextField.m in Sources */ = {isa = PBXBuildFile; fileRef = 3BC77E7919F5737E00FC27C7 /* TSCurrencyTextField.m */; };
		3BCB423B19EEFDC300B03AC4 /* airports.plist in Resources */ = {isa = PBXBuildFile; fileRef = 3BCB423A19EEFDC300B03AC4 /* airports.plist */; };
		3BE9044C19F6F87F00B0977F /* InputVC.swift in Sources */ = {isa = PBXBuildFile; fileRef = 3BE9044B19F6F87F00B0977F /* InputVC.swift */; };
		3BE9045019F71B2200B0977F /* TravelFundListDataSource.swift in Sources */ = {isa = PBXBuildFile; fileRef = 3BE9044F19F71B2200B0977F /* TravelFundListDataSource.swift */; };
		3BE9045319F72A8D00B0977F /* ListDataSource.swift in Sources */ = {isa = PBXBuildFile; fileRef = 3BE9045219F72A8D00B0977F /* ListDataSource.swift */; };
		3BE9045519F8614300B0977F /* Extensions.swift in Sources */ = {isa = PBXBuildFile; fileRef = 3BE9045419F8614300B0977F /* Extensions.swift */; };
		3BEDCED11A12A366009AFA85 /* RCDatePicker.m in Sources */ = {isa = PBXBuildFile; fileRef = 3BEDCED01A12A366009AFA85 /* RCDatePicker.m */; };
		3BF7916B19EC50AB0081CEE6 /* TravelFund.swift in Sources */ = {isa = PBXBuildFile; fileRef = 3BF7916A19EC50AB0081CEE6 /* TravelFund.swift */; };
		3BF7916D19EC54A20081CEE6 /* Airport.swift in Sources */ = {isa = PBXBuildFile; fileRef = 3BF7916C19EC54A20081CEE6 /* Airport.swift */; };
		3BF7917119EC702C0081CEE6 /* FlightVC.swift in Sources */ = {isa = PBXBuildFile; fileRef = 3BF7917019EC702C0081CEE6 /* FlightVC.swift */; };
		3BF7917319EE550D0081CEE6 /* FlightDelegate.swift in Sources */ = {isa = PBXBuildFile; fileRef = 3BF7917219EE550D0081CEE6 /* FlightDelegate.swift */; };
/* End PBXBuildFile section */

/* Begin PBXContainerItemProxy section */
		3B1A4C8519DE0C09000F265C /* PBXContainerItemProxy */ = {
			isa = PBXContainerItemProxy;
			containerPortal = 3B1A4C6519DE0C08000F265C /* Project object */;
			proxyType = 1;
			remoteGlobalIDString = 3B1A4C6C19DE0C08000F265C;
			remoteInfo = "Southwest Travel Manager";
		};
/* End PBXContainerItemProxy section */

/* Begin PBXCopyFilesBuildPhase section */
		3B1BEF081A50A80200616750 /* Copy Frameworks */ = {
			isa = PBXCopyFilesBuildPhase;
			buildActionMask = 2147483647;
			dstPath = "";
			dstSubfolderSpec = 10;
			files = (
			);
			name = "Copy Frameworks";
			runOnlyForDeploymentPostprocessing = 0;
		};
/* End PBXCopyFilesBuildPhase section */

/* Begin PBXFileReference section */
		2F4F37531B5444FE000C3D11 /* Alamofire.framework */ = {isa = PBXFileReference; lastKnownFileType = wrapper.framework; name = Alamofire.framework; path = Carthage/Build/iOS/Alamofire.framework; sourceTree = "<group>"; };
		2F575D6A1A83025400BA6433 /* ProgressView.swift */ = {isa = PBXFileReference; fileEncoding = 4; lastKnownFileType = sourcecode.swift; name = ProgressView.swift; path = ../ProgressView.swift; sourceTree = "<group>"; };
		2F575D6E1A83ED1200BA6433 /* CheckInVC.swift */ = {isa = PBXFileReference; fileEncoding = 4; lastKnownFileType = sourcecode.swift; path = CheckInVC.swift; sourceTree = "<group>"; };
		3B1A4C6D19DE0C08000F265C /* SouthwestTravelManager.app */ = {isa = PBXFileReference; explicitFileType = wrapper.application; includeInIndex = 0; path = SouthwestTravelManager.app; sourceTree = BUILT_PRODUCTS_DIR; };
		3B1A4C7119DE0C08000F265C /* Info.plist */ = {isa = PBXFileReference; lastKnownFileType = text.plist.xml; path = Info.plist; sourceTree = "<group>"; };
		3B1A4C7219DE0C08000F265C /* AppDelegate.swift */ = {isa = PBXFileReference; lastKnownFileType = sourcecode.swift; path = AppDelegate.swift; sourceTree = "<group>"; };
		3B1A4C7419DE0C08000F265C /* ListVC.swift */ = {isa = PBXFileReference; lastKnownFileType = sourcecode.swift; path = ListVC.swift; sourceTree = "<group>"; };
		3B1A4C7919DE0C08000F265C /* Base */ = {isa = PBXFileReference; lastKnownFileType = file.storyboard; name = Base; path = Base.lproj/Main.storyboard; sourceTree = "<group>"; };
		3B1A4C7B19DE0C09000F265C /* Images.xcassets */ = {isa = PBXFileReference; lastKnownFileType = folder.assetcatalog; path = Images.xcassets; sourceTree = "<group>"; };
		3B1A4C7E19DE0C09000F265C /* Base */ = {isa = PBXFileReference; lastKnownFileType = file.xib; name = Base; path = Base.lproj/LaunchScreen.xib; sourceTree = "<group>"; };
		3B1A4C8419DE0C09000F265C /* SouthwestTravelManagerTests.xctest */ = {isa = PBXFileReference; explicitFileType = wrapper.cfbundle; includeInIndex = 0; path = SouthwestTravelManagerTests.xctest; sourceTree = BUILT_PRODUCTS_DIR; };
		3B1A4C8919DE0C09000F265C /* Info.plist */ = {isa = PBXFileReference; lastKnownFileType = text.plist.xml; path = Info.plist; sourceTree = "<group>"; };
		3B1A4C8A19DE0C09000F265C /* SouthwestTravelManagerTests.swift */ = {isa = PBXFileReference; lastKnownFileType = sourcecode.swift; path = SouthwestTravelManagerTests.swift; sourceTree = "<group>"; };
		3B560FC11A2FF2D1008E3834 /* AboutVC.swift */ = {isa = PBXFileReference; fileEncoding = 4; lastKnownFileType = sourcecode.swift; path = AboutVC.swift; sourceTree = "<group>"; };
		3B560FC31A30DD6A008E3834 /* Passenger.swift */ = {isa = PBXFileReference; fileEncoding = 4; lastKnownFileType = sourcecode.swift; path = Passenger.swift; sourceTree = "<group>"; };
		3B78F93B19F06ADB0066074D /* ConfirmationDelegate.swift */ = {isa = PBXFileReference; fileEncoding = 4; lastKnownFileType = sourcecode.swift; path = ConfirmationDelegate.swift; sourceTree = "<group>"; };
		3B7B356B1A13FD5200C099E5 /* NotificationManager.swift */ = {isa = PBXFileReference; fileEncoding = 4; lastKnownFileType = sourcecode.swift; path = NotificationManager.swift; sourceTree = "<group>"; };
		3B89746919F5C9CE00D4ACAF /* FlightListDataSource.swift */ = {isa = PBXFileReference; fileEncoding = 4; lastKnownFileType = sourcecode.swift; path = FlightListDataSource.swift; sourceTree = "<group>"; };
		3B89746B19F6CF6C00D4ACAF /* TravelFundVC.swift */ = {isa = PBXFileReference; fileEncoding = 4; lastKnownFileType = sourcecode.swift; path = TravelFundVC.swift; sourceTree = "<group>"; };
		3BA67F6719E88364007CE97D /* Flight.swift */ = {isa = PBXFileReference; fileEncoding = 4; lastKnownFileType = sourcecode.swift; path = Flight.swift; sourceTree = "<group>"; };
		3BC0837B19F99F1900ED60EA /* FundSelectionVC.swift */ = {isa = PBXFileReference; fileEncoding = 4; lastKnownFileType = sourcecode.swift; path = FundSelectionVC.swift; sourceTree = "<group>"; };
		3BC0837D19F9A7EB00ED60EA /* TravelFundSelectionDataSource.swift */ = {isa = PBXFileReference; fileEncoding = 4; lastKnownFileType = sourcecode.swift; path = TravelFundSelectionDataSource.swift; sourceTree = "<group>"; };
		3BC472B31A4CDDC900DEB676 /* Radar.aiff */ = {isa = PBXFileReference; lastKnownFileType = audio.aiff; path = Radar.aiff; sourceTree = "<group>"; };
		3BC77E7719F5737D00FC27C7 /* SouthwestTravelManager-Bridging-Header.h */ = {isa = PBXFileReference; lastKnownFileType = sourcecode.c.h; path = "SouthwestTravelManager-Bridging-Header.h"; sourceTree = "<group>"; };
		3BC77E7819F5737E00FC27C7 /* TSCurrencyTextField.h */ = {isa = PBXFileReference; fileEncoding = 4; lastKnownFileType = sourcecode.c.h; path = TSCurrencyTextField.h; sourceTree = "<group>"; };
		3BC77E7919F5737E00FC27C7 /* TSCurrencyTextField.m */ = {isa = PBXFileReference; fileEncoding = 4; lastKnownFileType = sourcecode.c.objc; path = TSCurrencyTextField.m; sourceTree = "<group>"; };
		3BCB423A19EEFDC300B03AC4 /* airports.plist */ = {isa = PBXFileReference; fileEncoding = 4; lastKnownFileType = text.plist.xml; path = airports.plist; sourceTree = "<group>"; };
		3BE9044B19F6F87F00B0977F /* InputVC.swift */ = {isa = PBXFileReference; fileEncoding = 4; lastKnownFileType = sourcecode.swift; path = InputVC.swift; sourceTree = "<group>"; };
		3BE9044F19F71B2200B0977F /* TravelFundListDataSource.swift */ = {isa = PBXFileReference; fileEncoding = 4; lastKnownFileType = sourcecode.swift; path = TravelFundListDataSource.swift; sourceTree = "<group>"; };
		3BE9045219F72A8D00B0977F /* ListDataSource.swift */ = {isa = PBXFileReference; fileEncoding = 4; lastKnownFileType = sourcecode.swift; path = ListDataSource.swift; sourceTree = "<group>"; };
		3BE9045419F8614300B0977F /* Extensions.swift */ = {isa = PBXFileReference; fileEncoding = 4; lastKnownFileType = sourcecode.swift; path = Extensions.swift; sourceTree = "<group>"; };
		3BEDCECF1A12A366009AFA85 /* RCDatePicker.h */ = {isa = PBXFileReference; fileEncoding = 4; lastKnownFileType = sourcecode.c.h; path = RCDatePicker.h; sourceTree = "<group>"; };
		3BEDCED01A12A366009AFA85 /* RCDatePicker.m */ = {isa = PBXFileReference; fileEncoding = 4; lastKnownFileType = sourcecode.c.objc; path = RCDatePicker.m; sourceTree = "<group>"; };
		3BF7916A19EC50AB0081CEE6 /* TravelFund.swift */ = {isa = PBXFileReference; fileEncoding = 4; lastKnownFileType = sourcecode.swift; path = TravelFund.swift; sourceTree = "<group>"; };
		3BF7916C19EC54A20081CEE6 /* Airport.swift */ = {isa = PBXFileReference; fileEncoding = 4; lastKnownFileType = sourcecode.swift; path = Airport.swift; sourceTree = "<group>"; };
		3BF7917019EC702C0081CEE6 /* FlightVC.swift */ = {isa = PBXFileReference; fileEncoding = 4; lastKnownFileType = sourcecode.swift; path = FlightVC.swift; sourceTree = "<group>"; };
		3BF7917219EE550D0081CEE6 /* FlightDelegate.swift */ = {isa = PBXFileReference; fileEncoding = 4; lastKnownFileType = sourcecode.swift; path = FlightDelegate.swift; sourceTree = "<group>"; };
/* End PBXFileReference section */

/* Begin PBXFrameworksBuildPhase section */
		3B1A4C6A19DE0C08000F265C /* Frameworks */ = {
			isa = PBXFrameworksBuildPhase;
			buildActionMask = 2147483647;
			files = (
				2F4F37541B5444FE000C3D11 /* Alamofire.framework in Frameworks */,
			);
			runOnlyForDeploymentPostprocessing = 0;
		};
		3B1A4C8119DE0C09000F265C /* Frameworks */ = {
			isa = PBXFrameworksBuildPhase;
			buildActionMask = 2147483647;
			files = (
			);
			runOnlyForDeploymentPostprocessing = 0;
		};
/* End PBXFrameworksBuildPhase section */

/* Begin PBXGroup section */
		2F575D6D1A83EB4900BA6433 /* Views */ = {
			isa = PBXGroup;
			children = (
				2F575D6A1A83025400BA6433 /* ProgressView.swift */,
			);
			name = Views;
			sourceTree = "<group>";
		};
		3B1A4C6419DE0C08000F265C = {
			isa = PBXGroup;
			children = (
				3B1A4C6F19DE0C08000F265C /* SouthwestTravelManager */,
				3B1A4C8719DE0C09000F265C /* Tests */,
				3BEDCED21A12A372009AFA85 /* RCDatePicker */,
				3BC77E7B19F5739200FC27C7 /* TSCurrencyTextField */,
				3B1A4C6E19DE0C08000F265C /* Products */,
				3BC77E7719F5737D00FC27C7 /* SouthwestTravelManager-Bridging-Header.h */,
				2F4F37531B5444FE000C3D11 /* Alamofire.framework */,
			);
			sourceTree = "<group>";
		};
		3B1A4C6E19DE0C08000F265C /* Products */ = {
			isa = PBXGroup;
			children = (
				3B1A4C6D19DE0C08000F265C /* SouthwestTravelManager.app */,
				3B1A4C8419DE0C09000F265C /* SouthwestTravelManagerTests.xctest */,
			);
			name = Products;
			sourceTree = "<group>";
		};
		3B1A4C6F19DE0C08000F265C /* SouthwestTravelManager */ = {
			isa = PBXGroup;
			children = (
				3B1A4C7219DE0C08000F265C /* AppDelegate.swift */,
				3B7B356B1A13FD5200C099E5 /* NotificationManager.swift */,
				2F575D6D1A83EB4900BA6433 /* Views */,
				3BCB423719EEF2B500B03AC4 /* Controllers */,
				3BCB423819EEF2C700B03AC4 /* Models */,
				3B1A4C7819DE0C08000F265C /* Main.storyboard */,
				3B1A4C7B19DE0C09000F265C /* Images.xcassets */,
				3B1A4C7D19DE0C09000F265C /* LaunchScreen.xib */,
				3B1A4C7019DE0C08000F265C /* Supporting Files */,
			);
			path = SouthwestTravelManager;
			sourceTree = "<group>";
		};
		3B1A4C7019DE0C08000F265C /* Supporting Files */ = {
			isa = PBXGroup;
			children = (
				3BCB423A19EEFDC300B03AC4 /* airports.plist */,
				3B1A4C7119DE0C08000F265C /* Info.plist */,
				3BC472B31A4CDDC900DEB676 /* Radar.aiff */,
			);
			name = "Supporting Files";
			sourceTree = "<group>";
		};
		3B1A4C8719DE0C09000F265C /* Tests */ = {
			isa = PBXGroup;
			children = (
				3B1A4C8A19DE0C09000F265C /* SouthwestTravelManagerTests.swift */,
				3B1A4C8819DE0C09000F265C /* Supporting Files */,
			);
			name = Tests;
			path = SouthwestTravelManagerTests;
			sourceTree = "<group>";
		};
		3B1A4C8819DE0C09000F265C /* Supporting Files */ = {
			isa = PBXGroup;
			children = (
				3B1A4C8919DE0C09000F265C /* Info.plist */,
			);
			name = "Supporting Files";
			sourceTree = "<group>";
		};
		3BC77E7B19F5739200FC27C7 /* TSCurrencyTextField */ = {
			isa = PBXGroup;
			children = (
				3BC77E7819F5737E00FC27C7 /* TSCurrencyTextField.h */,
				3BC77E7919F5737E00FC27C7 /* TSCurrencyTextField.m */,
			);
			name = TSCurrencyTextField;
			sourceTree = "<group>";
		};
		3BCB423719EEF2B500B03AC4 /* Controllers */ = {
			isa = PBXGroup;
			children = (
				3BE9045119F72A6000B0977F /* Lists */,
				3BCB423919EEF2ED00B03AC4 /* Input */,
				3BC0837B19F99F1900ED60EA /* FundSelectionVC.swift */,
				3B560FC11A2FF2D1008E3834 /* AboutVC.swift */,
				2F575D6E1A83ED1200BA6433 /* CheckInVC.swift */,
			);
			name = Controllers;
			sourceTree = "<group>";
		};
		3BCB423819EEF2C700B03AC4 /* Models */ = {
			isa = PBXGroup;
			children = (
				3BE9045419F8614300B0977F /* Extensions.swift */,
				3BA67F6719E88364007CE97D /* Flight.swift */,
				3BF7916A19EC50AB0081CEE6 /* TravelFund.swift */,
				3BF7916C19EC54A20081CEE6 /* Airport.swift */,
				3B560FC31A30DD6A008E3834 /* Passenger.swift */,
			);
			name = Models;
			sourceTree = "<group>";
		};
		3BCB423919EEF2ED00B03AC4 /* Input */ = {
			isa = PBXGroup;
			children = (
				3BE9044B19F6F87F00B0977F /* InputVC.swift */,
				3BF7917019EC702C0081CEE6 /* FlightVC.swift */,
				3B89746B19F6CF6C00D4ACAF /* TravelFundVC.swift */,
				3BF7917219EE550D0081CEE6 /* FlightDelegate.swift */,
				3B78F93B19F06ADB0066074D /* ConfirmationDelegate.swift */,
			);
			name = Input;
			sourceTree = "<group>";
		};
		3BE9045119F72A6000B0977F /* Lists */ = {
			isa = PBXGroup;
			children = (
				3B1A4C7419DE0C08000F265C /* ListVC.swift */,
				3BE9045219F72A8D00B0977F /* ListDataSource.swift */,
				3B89746919F5C9CE00D4ACAF /* FlightListDataSource.swift */,
				3BE9044F19F71B2200B0977F /* TravelFundListDataSource.swift */,
				3BC0837D19F9A7EB00ED60EA /* TravelFundSelectionDataSource.swift */,
			);
			name = Lists;
			sourceTree = "<group>";
		};
		3BEDCED21A12A372009AFA85 /* RCDatePicker */ = {
			isa = PBXGroup;
			children = (
				3BEDCECF1A12A366009AFA85 /* RCDatePicker.h */,
				3BEDCED01A12A366009AFA85 /* RCDatePicker.m */,
			);
			name = RCDatePicker;
			sourceTree = "<group>";
		};
/* End PBXGroup section */

/* Begin PBXNativeTarget section */
		3B1A4C6C19DE0C08000F265C /* SouthwestTravelManager */ = {
			isa = PBXNativeTarget;
			buildConfigurationList = 3B1A4C8E19DE0C09000F265C /* Build configuration list for PBXNativeTarget "SouthwestTravelManager" */;
			buildPhases = (
				3B1A4C6919DE0C08000F265C /* Sources */,
				3B1A4C6A19DE0C08000F265C /* Frameworks */,
				3B1A4C6B19DE0C08000F265C /* Resources */,
				3B1BEF081A50A80200616750 /* Copy Frameworks */,
				2F4F37551B54451D000C3D11 /* Carthage */,
			);
			buildRules = (
			);
			dependencies = (
			);
			name = SouthwestTravelManager;
			productName = "Southwest Travel Manager";
			productReference = 3B1A4C6D19DE0C08000F265C /* SouthwestTravelManager.app */;
			productType = "com.apple.product-type.application";
		};
		3B1A4C8319DE0C09000F265C /* SouthwestTravelManagerTests */ = {
			isa = PBXNativeTarget;
			buildConfigurationList = 3B1A4C9119DE0C09000F265C /* Build configuration list for PBXNativeTarget "SouthwestTravelManagerTests" */;
			buildPhases = (
				3B1A4C8019DE0C09000F265C /* Sources */,
				3B1A4C8119DE0C09000F265C /* Frameworks */,
				3B1A4C8219DE0C09000F265C /* Resources */,
			);
			buildRules = (
			);
			dependencies = (
				3B1A4C8619DE0C09000F265C /* PBXTargetDependency */,
			);
			name = SouthwestTravelManagerTests;
			productName = "Southwest Travel ManagerTests";
			productReference = 3B1A4C8419DE0C09000F265C /* SouthwestTravelManagerTests.xctest */;
			productType = "com.apple.product-type.bundle.unit-test";
		};
/* End PBXNativeTarget section */

/* Begin PBXProject section */
		3B1A4C6519DE0C08000F265C /* Project object */ = {
			isa = PBXProject;
			attributes = {
				LastUpgradeCheck = 0830;
				ORGANIZATIONNAME = "Red Cup";
				TargetAttributes = {
					3B1A4C6C19DE0C08000F265C = {
						CreatedOnToolsVersion = 6.0.1;
						DevelopmentTeam = LNDEN3GJH5;
						LastSwiftMigration = 0830;
					};
					3B1A4C8319DE0C09000F265C = {
						CreatedOnToolsVersion = 6.0.1;
						LastSwiftMigration = 0830;
					};
				};
			};
			buildConfigurationList = 3B1A4C6819DE0C08000F265C /* Build configuration list for PBXProject "SouthwestTravelManager" */;
			compatibilityVersion = "Xcode 3.2";
			developmentRegion = English;
			hasScannedForEncodings = 0;
			knownRegions = (
				en,
				Base,
			);
			mainGroup = 3B1A4C6419DE0C08000F265C;
			productRefGroup = 3B1A4C6E19DE0C08000F265C /* Products */;
			projectDirPath = "";
			projectRoot = "";
			targets = (
				3B1A4C6C19DE0C08000F265C /* SouthwestTravelManager */,
				3B1A4C8319DE0C09000F265C /* SouthwestTravelManagerTests */,
			);
		};
/* End PBXProject section */

/* Begin PBXResourcesBuildPhase section */
		3B1A4C6B19DE0C08000F265C /* Resources */ = {
			isa = PBXResourcesBuildPhase;
			buildActionMask = 2147483647;
			files = (
				3BCB423B19EEFDC300B03AC4 /* airports.plist in Resources */,
				3B1A4C7A19DE0C08000F265C /* Main.storyboard in Resources */,
				3B1A4C7F19DE0C09000F265C /* LaunchScreen.xib in Resources */,
				3BC472B41A4CDDC900DEB676 /* Radar.aiff in Resources */,
				3B1A4C7C19DE0C09000F265C /* Images.xcassets in Resources */,
			);
			runOnlyForDeploymentPostprocessing = 0;
		};
		3B1A4C8219DE0C09000F265C /* Resources */ = {
			isa = PBXResourcesBuildPhase;
			buildActionMask = 2147483647;
			files = (
			);
			runOnlyForDeploymentPostprocessing = 0;
		};
/* End PBXResourcesBuildPhase section */

/* Begin PBXShellScriptBuildPhase section */
		2F4F37551B54451D000C3D11 /* Carthage */ = {
			isa = PBXShellScriptBuildPhase;
			buildActionMask = 2147483647;
			files = (
			);
			inputPaths = (
				"$(SRCROOT)/Carthage/Build/iOS/Alamofire.framework",
			);
			name = Carthage;
			outputPaths = (
			);
			runOnlyForDeploymentPostprocessing = 0;
			shellPath = /bin/sh;
			shellScript = "/usr/local/bin/carthage copy-frameworks";
		};
/* End PBXShellScriptBuildPhase section */

/* Begin PBXSourcesBuildPhase section */
		3B1A4C6919DE0C08000F265C /* Sources */ = {
			isa = PBXSourcesBuildPhase;
			buildActionMask = 2147483647;
			files = (
				3BF7917319EE550D0081CEE6 /* FlightDelegate.swift in Sources */,
				3B1A4C7319DE0C08000F265C /* AppDelegate.swift in Sources */,
				3B78F93C19F06ADB0066074D /* ConfirmationDelegate.swift in Sources */,
				3B560FC21A2FF2D1008E3834 /* AboutVC.swift in Sources */,
				3B89746A19F5C9CE00D4ACAF /* FlightListDataSource.swift in Sources */,
				3BF7916B19EC50AB0081CEE6 /* TravelFund.swift in Sources */,
				3BC77E7A19F5737E00FC27C7 /* TSCurrencyTextField.m in Sources */,
				3BA67F6819E88364007CE97D /* Flight.swift in Sources */,
				3B7B356C1A13FD5200C099E5 /* NotificationManager.swift in Sources */,
				3BE9045319F72A8D00B0977F /* ListDataSource.swift in Sources */,
				3BE9045519F8614300B0977F /* Extensions.swift in Sources */,
				3B560FC41A30DD6A008E3834 /* Passenger.swift in Sources */,
				3BEDCED11A12A366009AFA85 /* RCDatePicker.m in Sources */,
				3BE9044C19F6F87F00B0977F /* InputVC.swift in Sources */,
				3BF7916D19EC54A20081CEE6 /* Airport.swift in Sources */,
				2F575D6F1A83ED1200BA6433 /* CheckInVC.swift in Sources */,
				3BE9045019F71B2200B0977F /* TravelFundListDataSource.swift in Sources */,
				3BC0837E19F9A7EB00ED60EA /* TravelFundSelectionDataSource.swift in Sources */,
				3B89746C19F6CF6C00D4ACAF /* TravelFundVC.swift in Sources */,
				3BC0837C19F99F1900ED60EA /* FundSelectionVC.swift in Sources */,
				3B1A4C7519DE0C08000F265C /* ListVC.swift in Sources */,
				3BF7917119EC702C0081CEE6 /* FlightVC.swift in Sources */,
				2F575D6B1A83025400BA6433 /* ProgressView.swift in Sources */,
			);
			runOnlyForDeploymentPostprocessing = 0;
		};
		3B1A4C8019DE0C09000F265C /* Sources */ = {
			isa = PBXSourcesBuildPhase;
			buildActionMask = 2147483647;
			files = (
				3B2BBF1A1A2E33F500393C8C /* Airport.swift in Sources */,
				3B1A4C8B19DE0C09000F265C /* SouthwestTravelManagerTests.swift in Sources */,
				3B713D521A5FA685001D5CDB /* Passenger.swift in Sources */,
				3B2BBF181A2E33EF00393C8C /* Extensions.swift in Sources */,
				3B2BBF191A2E33F200393C8C /* TravelFund.swift in Sources */,
				3B2BBF171A2E33C500393C8C /* Flight.swift in Sources */,
			);
			runOnlyForDeploymentPostprocessing = 0;
		};
/* End PBXSourcesBuildPhase section */

/* Begin PBXTargetDependency section */
		3B1A4C8619DE0C09000F265C /* PBXTargetDependency */ = {
			isa = PBXTargetDependency;
			target = 3B1A4C6C19DE0C08000F265C /* SouthwestTravelManager */;
			targetProxy = 3B1A4C8519DE0C09000F265C /* PBXContainerItemProxy */;
		};
/* End PBXTargetDependency section */

/* Begin PBXVariantGroup section */
		3B1A4C7819DE0C08000F265C /* Main.storyboard */ = {
			isa = PBXVariantGroup;
			children = (
				3B1A4C7919DE0C08000F265C /* Base */,
			);
			name = Main.storyboard;
			sourceTree = "<group>";
		};
		3B1A4C7D19DE0C09000F265C /* LaunchScreen.xib */ = {
			isa = PBXVariantGroup;
			children = (
				3B1A4C7E19DE0C09000F265C /* Base */,
			);
			name = LaunchScreen.xib;
			sourceTree = "<group>";
		};
/* End PBXVariantGroup section */

/* Begin XCBuildConfiguration section */
		3B1A4C8C19DE0C09000F265C /* Debug */ = {
			isa = XCBuildConfiguration;
			buildSettings = {
				ALWAYS_SEARCH_USER_PATHS = NO;
				CLANG_CXX_LANGUAGE_STANDARD = "gnu++0x";
				CLANG_CXX_LIBRARY = "libc++";
				CLANG_ENABLE_MODULES = YES;
				CLANG_ENABLE_OBJC_ARC = YES;
				CLANG_WARN_BOOL_CONVERSION = YES;
				CLANG_WARN_CONSTANT_CONVERSION = YES;
				CLANG_WARN_DIRECT_OBJC_ISA_USAGE = YES_ERROR;
				CLANG_WARN_EMPTY_BODY = YES;
				CLANG_WARN_ENUM_CONVERSION = YES;
				CLANG_WARN_INFINITE_RECURSION = YES;
				CLANG_WARN_INT_CONVERSION = YES;
				CLANG_WARN_OBJC_ROOT_CLASS = YES_ERROR;
				CLANG_WARN_SUSPICIOUS_MOVE = YES;
				CLANG_WARN_UNREACHABLE_CODE = YES;
				CLANG_WARN__DUPLICATE_METHOD_MATCH = YES;
				"CODE_SIGN_IDENTITY[sdk=iphoneos*]" = "iPhone Developer";
				COPY_PHASE_STRIP = NO;
				ENABLE_STRICT_OBJC_MSGSEND = YES;
				ENABLE_TESTABILITY = YES;
				GCC_C_LANGUAGE_STANDARD = gnu99;
				GCC_DYNAMIC_NO_PIC = NO;
				GCC_NO_COMMON_BLOCKS = YES;
				GCC_OPTIMIZATION_LEVEL = 0;
				GCC_PREPROCESSOR_DEFINITIONS = (
					"DEBUG=1",
					"$(inherited)",
				);
				GCC_SYMBOLS_PRIVATE_EXTERN = NO;
				GCC_WARN_64_TO_32_BIT_CONVERSION = YES;
				GCC_WARN_ABOUT_RETURN_TYPE = YES_ERROR;
				GCC_WARN_UNDECLARED_SELECTOR = YES;
				GCC_WARN_UNINITIALIZED_AUTOS = YES_AGGRESSIVE;
				GCC_WARN_UNUSED_FUNCTION = YES;
				GCC_WARN_UNUSED_VARIABLE = YES;
				IPHONEOS_DEPLOYMENT_TARGET = 8.0;
				MTL_ENABLE_DEBUG_INFO = YES;
				ONLY_ACTIVE_ARCH = YES;
				SDKROOT = iphoneos;
				SWIFT_OPTIMIZATION_LEVEL = "-Onone";
				TARGETED_DEVICE_FAMILY = "1,2";
			};
			name = Debug;
		};
		3B1A4C8D19DE0C09000F265C /* Release */ = {
			isa = XCBuildConfiguration;
			buildSettings = {
				ALWAYS_SEARCH_USER_PATHS = NO;
				CLANG_CXX_LANGUAGE_STANDARD = "gnu++0x";
				CLANG_CXX_LIBRARY = "libc++";
				CLANG_ENABLE_MODULES = YES;
				CLANG_ENABLE_OBJC_ARC = YES;
				CLANG_WARN_BOOL_CONVERSION = YES;
				CLANG_WARN_CONSTANT_CONVERSION = YES;
				CLANG_WARN_DIRECT_OBJC_ISA_USAGE = YES_ERROR;
				CLANG_WARN_EMPTY_BODY = YES;
				CLANG_WARN_ENUM_CONVERSION = YES;
				CLANG_WARN_INFINITE_RECURSION = YES;
				CLANG_WARN_INT_CONVERSION = YES;
				CLANG_WARN_OBJC_ROOT_CLASS = YES_ERROR;
				CLANG_WARN_SUSPICIOUS_MOVE = YES;
				CLANG_WARN_UNREACHABLE_CODE = YES;
				CLANG_WARN__DUPLICATE_METHOD_MATCH = YES;
				"CODE_SIGN_IDENTITY[sdk=iphoneos*]" = "iPhone Developer";
				COPY_PHASE_STRIP = YES;
				ENABLE_NS_ASSERTIONS = NO;
				ENABLE_STRICT_OBJC_MSGSEND = YES;
				GCC_C_LANGUAGE_STANDARD = gnu99;
				GCC_NO_COMMON_BLOCKS = YES;
				GCC_WARN_64_TO_32_BIT_CONVERSION = YES;
				GCC_WARN_ABOUT_RETURN_TYPE = YES_ERROR;
				GCC_WARN_UNDECLARED_SELECTOR = YES;
				GCC_WARN_UNINITIALIZED_AUTOS = YES_AGGRESSIVE;
				GCC_WARN_UNUSED_FUNCTION = YES;
				GCC_WARN_UNUSED_VARIABLE = YES;
				IPHONEOS_DEPLOYMENT_TARGET = 8.0;
				MTL_ENABLE_DEBUG_INFO = NO;
				SDKROOT = iphoneos;
				SWIFT_OPTIMIZATION_LEVEL = "-Owholemodule";
				TARGETED_DEVICE_FAMILY = "1,2";
				VALIDATE_PRODUCT = YES;
			};
			name = Release;
		};
		3B1A4C8F19DE0C09000F265C /* Debug */ = {
			isa = XCBuildConfiguration;
			buildSettings = {
				ASSETCATALOG_COMPILER_APPICON_NAME = AppIcon;
				CLANG_ENABLE_MODULES = YES;
				CODE_SIGN_IDENTITY = "iPhone Developer";
				FRAMEWORK_SEARCH_PATHS = (
					"$(inherited)",
					"$(PROJECT_DIR)",
					"$(PROJECT_DIR)/Carthage/Build/iOS",
				);
				INFOPLIST_FILE = "$(SRCROOT)/SouthwestTravelManager/Info.plist";
				LD_RUNPATH_SEARCH_PATHS = "$(inherited) @executable_path/Frameworks";
				PRODUCT_BUNDLE_IDENTIFIER = "LA.RedCup.$(PRODUCT_NAME:rfc1034identifier)";
				PRODUCT_NAME = SouthwestTravelManager;
				SWIFT_OBJC_BRIDGING_HEADER = "SouthwestTravelManager-Bridging-Header.h";
				SWIFT_OPTIMIZATION_LEVEL = "-Onone";
				SWIFT_VERSION = 3.0;
			};
			name = Debug;
		};
		3B1A4C9019DE0C09000F265C /* Release */ = {
			isa = XCBuildConfiguration;
			buildSettings = {
				ASSETCATALOG_COMPILER_APPICON_NAME = AppIcon;
				CLANG_ENABLE_MODULES = YES;
				CODE_SIGN_IDENTITY = "iPhone Developer";
				FRAMEWORK_SEARCH_PATHS = (
					"$(inherited)",
					"$(PROJECT_DIR)",
					"$(PROJECT_DIR)/Carthage/Build/iOS",
				);
				INFOPLIST_FILE = "$(SRCROOT)/SouthwestTravelManager/Info.plist";
				LD_RUNPATH_SEARCH_PATHS = "$(inherited) @executable_path/Frameworks";
				PRODUCT_BUNDLE_IDENTIFIER = "LA.RedCup.$(PRODUCT_NAME:rfc1034identifier)";
				PRODUCT_NAME = SouthwestTravelManager;
				SWIFT_OBJC_BRIDGING_HEADER = "SouthwestTravelManager-Bridging-Header.h";
				SWIFT_VERSION = 3.0;
			};
			name = Release;
		};
		3B1A4C9219DE0C09000F265C /* Debug */ = {
			isa = XCBuildConfiguration;
			buildSettings = {
				FRAMEWORK_SEARCH_PATHS = (
					"$(SDKROOT)/Developer/Library/Frameworks",
					"$(inherited)",
					"$(PROJECT_DIR)",
				);
				GCC_PREPROCESSOR_DEFINITIONS = (
					"DEBUG=1",
					"$(inherited)",
				);
				INFOPLIST_FILE = SouthwestTravelManagerTests/Info.plist;
				LD_RUNPATH_SEARCH_PATHS = "$(inherited) @executable_path/Frameworks @loader_path/Frameworks";
				PRODUCT_BUNDLE_IDENTIFIER = "la.redcup.$(PRODUCT_NAME:rfc1034identifier)";
				PRODUCT_NAME = SouthwestTravelManagerTests;
				SWIFT_VERSION = 3.0;
			};
			name = Debug;
		};
		3B1A4C9319DE0C09000F265C /* Release */ = {
			isa = XCBuildConfiguration;
			buildSettings = {
				FRAMEWORK_SEARCH_PATHS = (
					"$(SDKROOT)/Developer/Library/Frameworks",
					"$(inherited)",
					"$(PROJECT_DIR)",
				);
				INFOPLIST_FILE = SouthwestTravelManagerTests/Info.plist;
				LD_RUNPATH_SEARCH_PATHS = "$(inherited) @executable_path/Frameworks @loader_path/Frameworks";
				PRODUCT_BUNDLE_IDENTIFIER = "la.redcup.$(PRODUCT_NAME:rfc1034identifier)";
				PRODUCT_NAME = SouthwestTravelManagerTests;
				SWIFT_VERSION = 3.0;
			};
			name = Release;
		};
/* End XCBuildConfiguration section */

/* Begin XCConfigurationList section */
		3B1A4C6819DE0C08000F265C /* Build configuration list for PBXProject "SouthwestTravelManager" */ = {
			isa = XCConfigurationList;
			buildConfigurations = (
				3B1A4C8C19DE0C09000F265C /* Debug */,
				3B1A4C8D19DE0C09000F265C /* Release */,
			);
			defaultConfigurationIsVisible = 0;
			defaultConfigurationName = Release;
		};
		3B1A4C8E19DE0C09000F265C /* Build configuration list for PBXNativeTarget "SouthwestTravelManager" */ = {
			isa = XCConfigurationList;
			buildConfigurations = (
				3B1A4C8F19DE0C09000F265C /* Debug */,
				3B1A4C9019DE0C09000F265C /* Release */,
			);
			defaultConfigurationIsVisible = 0;
			defaultConfigurationName = Release;
		};
		3B1A4C9119DE0C09000F265C /* Build configuration list for PBXNativeTarget "SouthwestTravelManagerTests" */ = {
			isa = XCConfigurationList;
			buildConfigurations = (
				3B1A4C9219DE0C09000F265C /* Debug */,
				3B1A4C9319DE0C09000F265C /* Release */,
			);
			defaultConfigurationIsVisible = 0;
			defaultConfigurationName = Release;
		};
/* End XCConfigurationList section */
	};
	rootObject = 3B1A4C6519DE0C08000F265C /* Project object */;
}
