<?xml version="1.0" encoding="UTF-8"?>
<!DOCTYPE plist PUBLIC "-//Apple//DTD PLIST 1.0//EN" "http://www.apple.com/DTDs/PropertyList-1.0.dtd">
<plist version="1.0">
<dict>
	<key>archiveVersion</key>
	<string>1</string>
	<key>classes</key>
	<dict/>
	<key>objectVersion</key>
	<string>46</string>
	<key>objects</key>
	<dict>
		<key>050FDE293EB4462BA5DBEA4F</key>
		<dict>
			<key>includeInIndex</key>
			<string>1</string>
			<key>isa</key>
			<string>PBXFileReference</string>
			<key>lastKnownFileType</key>
			<string>text.xcconfig</string>
			<key>name</key>
			<string>Pods.xcconfig</string>
			<key>path</key>
			<string>Pods/Pods.xcconfig</string>
			<key>sourceTree</key>
			<string>SOURCE_ROOT</string>
		</dict>
		<key>22B45D1147D24773BE5697B2</key>
		<dict>
			<key>buildActionMask</key>
			<string>2147483647</string>
			<key>files</key>
			<array/>
			<key>inputPaths</key>
			<array/>
			<key>isa</key>
			<string>PBXShellScriptBuildPhase</string>
			<key>name</key>
			<string>Copy Pods Resources</string>
			<key>outputPaths</key>
			<array/>
			<key>runOnlyForDeploymentPostprocessing</key>
			<string>0</string>
			<key>shellPath</key>
			<string>/bin/sh</string>
			<key>shellScript</key>
			<string>"${SRCROOT}/Pods/Pods-resources.sh"
</string>
			<key>showEnvVarsInLog</key>
			<string>0</string>
		</dict>
		<key>3B00778215DA565000A9FC1B</key>
		<dict>
			<key>children</key>
			<array>
				<string>3B00779715DA565000A9FC1B</string>
				<string>3B00779015DA565000A9FC1B</string>
				<string>3B00778E15DA565000A9FC1B</string>
				<string>050FDE293EB4462BA5DBEA4F</string>
			</array>
			<key>isa</key>
			<string>PBXGroup</string>
			<key>sourceTree</key>
			<string>&lt;group&gt;</string>
		</dict>
		<key>3B00778415DA565000A9FC1B</key>
		<dict>
			<key>attributes</key>
			<dict>
				<key>LastUpgradeCheck</key>
				<string>0460</string>
				<key>ORGANIZATIONNAME</key>
				<string>Red Cup</string>
			</dict>
			<key>buildConfigurationList</key>
			<string>3B00778715DA565000A9FC1B</string>
			<key>compatibilityVersion</key>
			<string>Xcode 3.2</string>
			<key>developmentRegion</key>
			<string>English</string>
			<key>hasScannedForEncodings</key>
			<string>0</string>
			<key>isa</key>
			<string>PBXProject</string>
			<key>knownRegions</key>
			<array>
				<string>en</string>
			</array>
			<key>mainGroup</key>
			<string>3B00778215DA565000A9FC1B</string>
			<key>productRefGroup</key>
			<string>3B00778E15DA565000A9FC1B</string>
			<key>projectDirPath</key>
			<string></string>
			<key>projectReferences</key>
			<array/>
			<key>projectRoot</key>
			<string></string>
			<key>targets</key>
			<array>
				<string>3B00778C15DA565000A9FC1B</string>
			</array>
		</dict>
		<key>3B00778715DA565000A9FC1B</key>
		<dict>
			<key>buildConfigurations</key>
			<array>
				<string>3B0077AC15DA565000A9FC1B</string>
				<string>3B0077AD15DA565000A9FC1B</string>
			</array>
			<key>defaultConfigurationIsVisible</key>
			<string>0</string>
			<key>defaultConfigurationName</key>
			<string>Release</string>
			<key>isa</key>
			<string>XCConfigurationList</string>
		</dict>
		<key>3B00778915DA565000A9FC1B</key>
		<dict>
			<key>buildActionMask</key>
			<string>2147483647</string>
			<key>files</key>
			<array>
				<string>3B00779E15DA565000A9FC1B</string>
				<string>3B0077A215DA565000A9FC1B</string>
				<string>3B0077D115E1DEAB00A9FC1B</string>
				<string>3B0077D415E1DECA00A9FC1B</string>
				<string>3B5E3B8215E384B4000D85E2</string>
				<string>3B5E3B9015E38541000D85E2</string>
				<string>3B5E3B9715E385AB000D85E2</string>
				<string>3B5E3B9815E385AB000D85E2</string>
				<string>3B5E3B9915E385AB000D85E2</string>
				<string>3B5E3BAA15E3B403000D85E2</string>
				<string>3B5E3BBF15E3B81B000D85E2</string>
				<string>3B5E3BD815E78005000D85E2</string>
				<string>3B5E3BF115EB58E9000D85E2</string>
				<string>3B5E3C0015EC2974000D85E2</string>
				<string>3B8418FC15EC359B0094AB81</string>
				<string>3B8418FF15EC35BB0094AB81</string>
				<string>3B84193315EEAFB10094AB81</string>
				<string>3B7B340015F0AF3000B6AC61</string>
				<string>3B503A131609638C003183BC</string>
				<string>3B503A17160963A3003183BC</string>
				<string>3B503A3516111637003183BC</string>
				<string>3B503A3816111638003183BC</string>
				<string>3B503A3B16111638003183BC</string>
				<string>3B503A3E16111638003183BC</string>
				<string>3BBB653016168D1000D90D37</string>
				<string>3BBB65331616999900D90D37</string>
				<string>3B072A4A161A10C900528F36</string>
				<string>3B8FC438162920490077AE13</string>
				<string>3B233003162DED6500C99856</string>
			</array>
			<key>isa</key>
			<string>PBXSourcesBuildPhase</string>
			<key>runOnlyForDeploymentPostprocessing</key>
			<string>0</string>
		</dict>
		<key>3B00778A15DA565000A9FC1B</key>
		<dict>
			<key>buildActionMask</key>
			<string>2147483647</string>
			<key>files</key>
			<array>
				<string>3B8FC43F162922A70077AE13</string>
				<string>3BE2D7A316262BB600C94813</string>
				<string>3B0077D815E20C4800A9FC1B</string>
				<string>3B00779215DA565000A9FC1B</string>
				<string>3B00779415DA565000A9FC1B</string>
				<string>3B00779615DA565000A9FC1B</string>
				<string>3BBB65231614C5C800D90D37</string>
				<string>C76FF448F3A74572BBB1368E</string>
			</array>
			<key>isa</key>
			<string>PBXFrameworksBuildPhase</string>
			<key>runOnlyForDeploymentPostprocessing</key>
			<string>0</string>
		</dict>
		<key>3B00778B15DA565000A9FC1B</key>
		<dict>
			<key>buildActionMask</key>
			<string>2147483647</string>
			<key>files</key>
			<array>
				<string>3B00779C15DA565000A9FC1B</string>
				<string>3B0077A815DA565000A9FC1B</string>
				<string>3B5E3B7F15E3848D000D85E2</string>
				<string>3B5E3BE215EB21B9000D85E2</string>
				<string>3B84190415ECA0950094AB81</string>
				<string>3B84190515ECA0950094AB81</string>
				<string>3B84190615ECA0950094AB81</string>
				<string>3B84190715ECA0950094AB81</string>
				<string>3B84191515EDC6D10094AB81</string>
				<string>3B84191815EDC6D40094AB81</string>
				<string>3B84191F15EE02990094AB81</string>
				<string>3B84192115EE02A60094AB81</string>
				<string>3B7B340815F8246C00B6AC61</string>
				<string>3B7B340A15F8248D00B6AC61</string>
				<string>3B7B340C15F824BC00B6AC61</string>
				<string>3B7B340E15F824C000B6AC61</string>
				<string>3B7B341015F824C700B6AC61</string>
				<string>3B7B341215F824CA00B6AC61</string>
				<string>3BBB651F1613E62600D90D37</string>
				<string>3B8FC43C1629207C0077AE13</string>
				<string>3B8FC43D1629207C0077AE13</string>
			</array>
			<key>isa</key>
			<string>PBXResourcesBuildPhase</string>
			<key>runOnlyForDeploymentPostprocessing</key>
			<string>0</string>
		</dict>
		<key>3B00778C15DA565000A9FC1B</key>
		<dict>
			<key>buildConfigurationList</key>
			<string>3B0077AE15DA565000A9FC1B</string>
			<key>buildPhases</key>
			<array>
				<string>E3DEAFA98B3341AAAE05134D</string>
				<string>3B00778915DA565000A9FC1B</string>
				<string>3B00778A15DA565000A9FC1B</string>
				<string>3B00778B15DA565000A9FC1B</string>
				<string>22B45D1147D24773BE5697B2</string>
			</array>
			<key>buildRules</key>
			<array/>
			<key>dependencies</key>
			<array/>
			<key>isa</key>
			<string>PBXNativeTarget</string>
			<key>name</key>
			<string>SouthwestTravelManager</string>
			<key>productName</key>
			<string>SouthwestTravelFundsManager</string>
			<key>productReference</key>
			<string>3B00778D15DA565000A9FC1B</string>
			<key>productType</key>
			<string>com.apple.product-type.application</string>
		</dict>
		<key>3B00778D15DA565000A9FC1B</key>
		<dict>
			<key>explicitFileType</key>
			<string>wrapper.application</string>
			<key>includeInIndex</key>
			<string>0</string>
			<key>isa</key>
			<string>PBXFileReference</string>
			<key>path</key>
			<string>SouthwestTravelManager.app</string>
			<key>sourceTree</key>
			<string>BUILT_PRODUCTS_DIR</string>
		</dict>
		<key>3B00778E15DA565000A9FC1B</key>
		<dict>
			<key>children</key>
			<array>
				<string>3B00778D15DA565000A9FC1B</string>
			</array>
			<key>isa</key>
			<string>PBXGroup</string>
			<key>name</key>
			<string>Products</string>
			<key>sourceTree</key>
			<string>&lt;group&gt;</string>
		</dict>
		<key>3B00779015DA565000A9FC1B</key>
		<dict>
			<key>children</key>
			<array>
				<string>3B8FC43E162922A70077AE13</string>
				<string>3BE2D7A216262BB600C94813</string>
				<string>3B0077D715E20C4800A9FC1B</string>
				<string>3B00779115DA565000A9FC1B</string>
				<string>3B00779315DA565000A9FC1B</string>
				<string>3B00779515DA565000A9FC1B</string>
				<string>F40378CBC22C4C359217ECB5</string>
			</array>
			<key>isa</key>
			<string>PBXGroup</string>
			<key>name</key>
			<string>Frameworks</string>
			<key>sourceTree</key>
			<string>&lt;group&gt;</string>
		</dict>
		<key>3B00779115DA565000A9FC1B</key>
		<dict>
			<key>isa</key>
			<string>PBXFileReference</string>
			<key>lastKnownFileType</key>
			<string>wrapper.framework</string>
			<key>name</key>
			<string>UIKit.framework</string>
			<key>path</key>
			<string>System/Library/Frameworks/UIKit.framework</string>
			<key>sourceTree</key>
			<string>SDKROOT</string>
		</dict>
		<key>3B00779215DA565000A9FC1B</key>
		<dict>
			<key>fileRef</key>
			<string>3B00779115DA565000A9FC1B</string>
			<key>isa</key>
			<string>PBXBuildFile</string>
		</dict>
		<key>3B00779315DA565000A9FC1B</key>
		<dict>
			<key>isa</key>
			<string>PBXFileReference</string>
			<key>lastKnownFileType</key>
			<string>wrapper.framework</string>
			<key>name</key>
			<string>Foundation.framework</string>
			<key>path</key>
			<string>System/Library/Frameworks/Foundation.framework</string>
			<key>sourceTree</key>
			<string>SDKROOT</string>
		</dict>
		<key>3B00779415DA565000A9FC1B</key>
		<dict>
			<key>fileRef</key>
			<string>3B00779315DA565000A9FC1B</string>
			<key>isa</key>
			<string>PBXBuildFile</string>
		</dict>
		<key>3B00779515DA565000A9FC1B</key>
		<dict>
			<key>isa</key>
			<string>PBXFileReference</string>
			<key>lastKnownFileType</key>
			<string>wrapper.framework</string>
			<key>name</key>
			<string>CoreGraphics.framework</string>
			<key>path</key>
			<string>System/Library/Frameworks/CoreGraphics.framework</string>
			<key>sourceTree</key>
			<string>SDKROOT</string>
		</dict>
		<key>3B00779615DA565000A9FC1B</key>
		<dict>
			<key>fileRef</key>
			<string>3B00779515DA565000A9FC1B</string>
			<key>isa</key>
			<string>PBXBuildFile</string>
		</dict>
		<key>3B00779715DA565000A9FC1B</key>
		<dict>
			<key>children</key>
			<array>
				<string>3B072A4B161A10D400528F36</string>
				<string>3B0077D615E1DF4700A9FC1B</string>
				<string>3B0077D515E1DF0A00A9FC1B</string>
				<string>3B00779815DA565000A9FC1B</string>
				<string>3B84191915EDFC730094AB81</string>
			</array>
			<key>isa</key>
			<string>PBXGroup</string>
			<key>name</key>
			<string>SouthwestTravelManager</string>
			<key>path</key>
			<string>SouthwestTravelFundsManager</string>
			<key>sourceTree</key>
			<string>&lt;group&gt;</string>
		</dict>
		<key>3B00779815DA565000A9FC1B</key>
		<dict>
			<key>children</key>
			<array>
				<string>3BBB65211614C5C800D90D37</string>
				<string>3BBB65221614C5C800D90D37</string>
				<string>3B0077A015DA565000A9FC1B</string>
				<string>3B0077A115DA565000A9FC1B</string>
				<string>3B00779915DA565000A9FC1B</string>
				<string>3B5E3BE115EB21B8000D85E2</string>
				<string>3B00779A15DA565000A9FC1B</string>
				<string>3B00779D15DA565000A9FC1B</string>
				<string>3B00779F15DA565000A9FC1B</string>
			</array>
			<key>isa</key>
			<string>PBXGroup</string>
			<key>name</key>
			<string>Supporting Files</string>
			<key>sourceTree</key>
			<string>&lt;group&gt;</string>
		</dict>
		<key>3B00779915DA565000A9FC1B</key>
		<dict>
			<key>isa</key>
			<string>PBXFileReference</string>
			<key>lastKnownFileType</key>
			<string>text.plist.xml</string>
			<key>path</key>
			<string>SouthwestTravelManager-Info.plist</string>
			<key>sourceTree</key>
			<string>&lt;group&gt;</string>
		</dict>
		<key>3B00779A15DA565000A9FC1B</key>
		<dict>
			<key>children</key>
			<array>
				<string>3B00779B15DA565000A9FC1B</string>
			</array>
			<key>isa</key>
			<string>PBXVariantGroup</string>
			<key>name</key>
			<string>InfoPlist.strings</string>
			<key>sourceTree</key>
			<string>&lt;group&gt;</string>
		</dict>
		<key>3B00779B15DA565000A9FC1B</key>
		<dict>
			<key>isa</key>
			<string>PBXFileReference</string>
			<key>lastKnownFileType</key>
			<string>text.plist.strings</string>
			<key>name</key>
			<string>en</string>
			<key>path</key>
			<string>en.lproj/InfoPlist.strings</string>
			<key>sourceTree</key>
			<string>&lt;group&gt;</string>
		</dict>
		<key>3B00779C15DA565000A9FC1B</key>
		<dict>
			<key>fileRef</key>
			<string>3B00779A15DA565000A9FC1B</string>
			<key>isa</key>
			<string>PBXBuildFile</string>
		</dict>
		<key>3B00779D15DA565000A9FC1B</key>
		<dict>
			<key>isa</key>
			<string>PBXFileReference</string>
			<key>lastKnownFileType</key>
			<string>sourcecode.c.objc</string>
			<key>path</key>
			<string>main.m</string>
			<key>sourceTree</key>
			<string>&lt;group&gt;</string>
		</dict>
		<key>3B00779E15DA565000A9FC1B</key>
		<dict>
			<key>fileRef</key>
			<string>3B00779D15DA565000A9FC1B</string>
			<key>isa</key>
			<string>PBXBuildFile</string>
		</dict>
		<key>3B00779F15DA565000A9FC1B</key>
		<dict>
			<key>isa</key>
			<string>PBXFileReference</string>
			<key>lastKnownFileType</key>
			<string>sourcecode.c.h</string>
			<key>path</key>
			<string>SouthwestTravelManager-Prefix.pch</string>
			<key>sourceTree</key>
			<string>&lt;group&gt;</string>
		</dict>
		<key>3B0077A015DA565000A9FC1B</key>
		<dict>
			<key>isa</key>
			<string>PBXFileReference</string>
			<key>lastKnownFileType</key>
			<string>sourcecode.c.h</string>
			<key>path</key>
			<string>AppDelegate.h</string>
			<key>sourceTree</key>
			<string>&lt;group&gt;</string>
		</dict>
		<key>3B0077A115DA565000A9FC1B</key>
		<dict>
			<key>isa</key>
			<string>PBXFileReference</string>
			<key>lastKnownFileType</key>
			<string>sourcecode.c.objc</string>
			<key>path</key>
			<string>AppDelegate.m</string>
			<key>sourceTree</key>
			<string>&lt;group&gt;</string>
		</dict>
		<key>3B0077A215DA565000A9FC1B</key>
		<dict>
			<key>fileRef</key>
			<string>3B0077A115DA565000A9FC1B</string>
			<key>isa</key>
			<string>PBXBuildFile</string>
		</dict>
		<key>3B0077A615DA565000A9FC1B</key>
		<dict>
			<key>children</key>
			<array>
				<string>3B0077A715DA565000A9FC1B</string>
			</array>
			<key>isa</key>
			<string>PBXVariantGroup</string>
			<key>name</key>
			<string>iPad.storyboard</string>
			<key>sourceTree</key>
			<string>&lt;group&gt;</string>
		</dict>
		<key>3B0077A715DA565000A9FC1B</key>
		<dict>
			<key>isa</key>
			<string>PBXFileReference</string>
			<key>lastKnownFileType</key>
			<string>file.storyboard</string>
			<key>name</key>
			<string>en</string>
			<key>path</key>
			<string>en.lproj/iPad.storyboard</string>
			<key>sourceTree</key>
			<string>&lt;group&gt;</string>
		</dict>
		<key>3B0077A815DA565000A9FC1B</key>
		<dict>
			<key>fileRef</key>
			<string>3B0077A615DA565000A9FC1B</string>
			<key>isa</key>
			<string>PBXBuildFile</string>
		</dict>
		<key>3B0077AC15DA565000A9FC1B</key>
		<dict>
			<key>buildSettings</key>
			<dict>
				<key>ALWAYS_SEARCH_USER_PATHS</key>
				<string>NO</string>
				<key>ARCHS</key>
				<string>$(ARCHS_STANDARD_32_BIT)</string>
				<key>CLANG_ENABLE_OBJC_ARC</key>
				<string>YES</string>
				<key>CLANG_WARN_CONSTANT_CONVERSION</key>
				<string>YES</string>
				<key>CLANG_WARN_ENUM_CONVERSION</key>
				<string>YES</string>
				<key>CLANG_WARN_INT_CONVERSION</key>
				<string>YES</string>
				<key>CLANG_WARN__DUPLICATE_METHOD_MATCH</key>
				<string>YES</string>
				<key>CODE_SIGN_IDENTITY</key>
				<string></string>
				<key>CODE_SIGN_IDENTITY[sdk=iphoneos*]</key>
				<string>iPhone Developer</string>
				<key>COPY_PHASE_STRIP</key>
				<string>NO</string>
				<key>GCC_C_LANGUAGE_STANDARD</key>
				<string>gnu99</string>
				<key>GCC_DYNAMIC_NO_PIC</key>
				<string>NO</string>
				<key>GCC_OPTIMIZATION_LEVEL</key>
				<string>0</string>
				<key>GCC_PREPROCESSOR_DEFINITIONS</key>
				<array>
					<string>DEBUG=1</string>
					<string>$(inherited)</string>
				</array>
				<key>GCC_SYMBOLS_PRIVATE_EXTERN</key>
				<string>NO</string>
				<key>GCC_VERSION</key>
				<string>com.apple.compilers.llvm.clang.1_0</string>
				<key>GCC_WARN_ABOUT_RETURN_TYPE</key>
				<string>YES</string>
				<key>GCC_WARN_UNINITIALIZED_AUTOS</key>
				<string>YES</string>
				<key>GCC_WARN_UNUSED_VARIABLE</key>
				<string>YES</string>
				<key>IPHONEOS_DEPLOYMENT_TARGET</key>
				<string>5.1</string>
				<key>SDKROOT</key>
				<string>iphoneos</string>
				<key>TARGETED_DEVICE_FAMILY</key>
				<string>1,2</string>
			</dict>
			<key>isa</key>
			<string>XCBuildConfiguration</string>
			<key>name</key>
			<string>Debug</string>
		</dict>
		<key>3B0077AD15DA565000A9FC1B</key>
		<dict>
			<key>buildSettings</key>
			<dict>
				<key>ALWAYS_SEARCH_USER_PATHS</key>
				<string>NO</string>
				<key>ARCHS</key>
				<string>$(ARCHS_STANDARD_32_BIT)</string>
				<key>CLANG_ENABLE_OBJC_ARC</key>
				<string>YES</string>
				<key>CLANG_WARN_CONSTANT_CONVERSION</key>
				<string>YES</string>
				<key>CLANG_WARN_ENUM_CONVERSION</key>
				<string>YES</string>
				<key>CLANG_WARN_INT_CONVERSION</key>
				<string>YES</string>
				<key>CLANG_WARN__DUPLICATE_METHOD_MATCH</key>
				<string>YES</string>
				<key>CODE_SIGN_IDENTITY</key>
				<string>iPhone Distribution</string>
				<key>CODE_SIGN_IDENTITY[sdk=iphoneos*]</key>
				<string>iPhone Distribution</string>
				<key>COPY_PHASE_STRIP</key>
				<string>YES</string>
				<key>GCC_C_LANGUAGE_STANDARD</key>
				<string>gnu99</string>
				<key>GCC_VERSION</key>
				<string>com.apple.compilers.llvm.clang.1_0</string>
				<key>GCC_WARN_ABOUT_RETURN_TYPE</key>
				<string>YES</string>
				<key>GCC_WARN_UNINITIALIZED_AUTOS</key>
				<string>YES</string>
				<key>GCC_WARN_UNUSED_VARIABLE</key>
				<string>YES</string>
				<key>IPHONEOS_DEPLOYMENT_TARGET</key>
				<string>5.1</string>
				<key>OTHER_CFLAGS</key>
				<string>-DNS_BLOCK_ASSERTIONS=1</string>
				<key>PROVISIONING_PROFILE</key>
				<string></string>
				<key>PROVISIONING_PROFILE[sdk=iphoneos*]</key>
				<string></string>
				<key>SDKROOT</key>
				<string>iphoneos</string>
				<key>TARGETED_DEVICE_FAMILY</key>
				<string>1,2</string>
				<key>VALIDATE_PRODUCT</key>
				<string>YES</string>
			</dict>
			<key>isa</key>
			<string>XCBuildConfiguration</string>
			<key>name</key>
			<string>Release</string>
		</dict>
		<key>3B0077AE15DA565000A9FC1B</key>
		<dict>
			<key>buildConfigurations</key>
			<array>
				<string>3B0077AF15DA565000A9FC1B</string>
				<string>3B0077B015DA565000A9FC1B</string>
			</array>
			<key>defaultConfigurationIsVisible</key>
			<string>0</string>
			<key>defaultConfigurationName</key>
			<string>Release</string>
			<key>isa</key>
			<string>XCConfigurationList</string>
		</dict>
		<key>3B0077AF15DA565000A9FC1B</key>
		<dict>
			<key>baseConfigurationReference</key>
			<string>050FDE293EB4462BA5DBEA4F</string>
			<key>buildSettings</key>
			<dict>
				<key>CODE_SIGN_IDENTITY</key>
				<string>iPhone Developer</string>
				<key>CODE_SIGN_IDENTITY[sdk=iphoneos*]</key>
				<string>iPhone Developer</string>
				<key>GCC_PRECOMPILE_PREFIX_HEADER</key>
				<string>YES</string>
				<key>GCC_PREFIX_HEADER</key>
				<string>SouthwestTravelFundsManager/SouthwestTravelManager-Prefix.pch</string>
				<key>INFOPLIST_FILE</key>
				<string>SouthwestTravelFundsManager/SouthwestTravelManager-Info.plist</string>
				<key>IPHONEOS_DEPLOYMENT_TARGET</key>
				<string>5.0</string>
				<key>LIBRARY_SEARCH_PATHS</key>
				<array>
					<string>$(inherited)</string>
					<string>"$(SRCROOT)/SouthwestTravelFundsManager"</string>
				</array>
				<key>PRODUCT_NAME</key>
				<string>SouthwestTravelManager</string>
				<key>PROVISIONING_PROFILE</key>
				<string></string>
				<key>PROVISIONING_PROFILE[sdk=iphoneos*]</key>
				<string></string>
				<key>WRAPPER_EXTENSION</key>
				<string>app</string>
			</dict>
			<key>isa</key>
			<string>XCBuildConfiguration</string>
			<key>name</key>
			<string>Debug</string>
		</dict>
		<key>3B0077B015DA565000A9FC1B</key>
		<dict>
			<key>baseConfigurationReference</key>
			<string>050FDE293EB4462BA5DBEA4F</string>
			<key>buildSettings</key>
			<dict>
				<key>CODE_SIGN_IDENTITY</key>
				<string>iPhone Distribution</string>
				<key>CODE_SIGN_IDENTITY[sdk=iphoneos*]</key>
				<string>iPhone Distribution</string>
				<key>GCC_PRECOMPILE_PREFIX_HEADER</key>
				<string>YES</string>
				<key>GCC_PREFIX_HEADER</key>
				<string>SouthwestTravelFundsManager/SouthwestTravelManager-Prefix.pch</string>
				<key>INFOPLIST_FILE</key>
				<string>SouthwestTravelFundsManager/SouthwestTravelManager-Info.plist</string>
				<key>IPHONEOS_DEPLOYMENT_TARGET</key>
				<string>5.0</string>
				<key>LIBRARY_SEARCH_PATHS</key>
				<array>
					<string>$(inherited)</string>
					<string>"$(SRCROOT)/SouthwestTravelFundsManager"</string>
				</array>
				<key>PRODUCT_NAME</key>
				<string>SouthwestTravelManager</string>
				<key>PROVISIONING_PROFILE</key>
				<string></string>
				<key>PROVISIONING_PROFILE[sdk=iphoneos*]</key>
				<string></string>
				<key>WRAPPER_EXTENSION</key>
				<string>app</string>
			</dict>
			<key>isa</key>
			<string>XCBuildConfiguration</string>
			<key>name</key>
			<string>Release</string>
		</dict>
		<key>3B0077CF15E1DEAB00A9FC1B</key>
		<dict>
			<key>fileEncoding</key>
			<string>4</string>
			<key>isa</key>
			<string>PBXFileReference</string>
			<key>lastKnownFileType</key>
			<string>sourcecode.c.h</string>
			<key>path</key>
			<string>Flight+Create.h</string>
			<key>sourceTree</key>
			<string>&lt;group&gt;</string>
		</dict>
		<key>3B0077D015E1DEAB00A9FC1B</key>
		<dict>
			<key>fileEncoding</key>
			<string>4</string>
			<key>isa</key>
			<string>PBXFileReference</string>
			<key>lastKnownFileType</key>
			<string>sourcecode.c.objc</string>
			<key>path</key>
			<string>Flight+Create.m</string>
			<key>sourceTree</key>
			<string>&lt;group&gt;</string>
		</dict>
		<key>3B0077D115E1DEAB00A9FC1B</key>
		<dict>
			<key>fileRef</key>
			<string>3B0077D015E1DEAB00A9FC1B</string>
			<key>isa</key>
			<string>PBXBuildFile</string>
		</dict>
		<key>3B0077D215E1DECA00A9FC1B</key>
		<dict>
			<key>fileEncoding</key>
			<string>4</string>
			<key>isa</key>
			<string>PBXFileReference</string>
			<key>lastKnownFileType</key>
			<string>sourcecode.c.h</string>
			<key>path</key>
			<string>Fund+Create.h</string>
			<key>sourceTree</key>
			<string>&lt;group&gt;</string>
		</dict>
		<key>3B0077D315E1DECA00A9FC1B</key>
		<dict>
			<key>fileEncoding</key>
			<string>4</string>
			<key>isa</key>
			<string>PBXFileReference</string>
			<key>lastKnownFileType</key>
			<string>sourcecode.c.objc</string>
			<key>path</key>
			<string>Fund+Create.m</string>
			<key>sourceTree</key>
			<string>&lt;group&gt;</string>
		</dict>
		<key>3B0077D415E1DECA00A9FC1B</key>
		<dict>
			<key>fileRef</key>
			<string>3B0077D315E1DECA00A9FC1B</string>
			<key>isa</key>
			<string>PBXBuildFile</string>
		</dict>
		<key>3B0077D515E1DF0A00A9FC1B</key>
		<dict>
			<key>children</key>
			<array>
				<string>3B84193115EEAFB10094AB81</string>
				<string>3B84193215EEAFB10094AB81</string>
				<string>3B503A3316111637003183BC</string>
				<string>3B503A3C16111638003183BC</string>
				<string>3B503A3D16111638003183BC</string>
				<string>3B503A3916111638003183BC</string>
				<string>3B503A3A16111638003183BC</string>
				<string>3B503A3616111638003183BC</string>
				<string>3B503A3716111638003183BC</string>
				<string>3B503A3416111637003183BC</string>
				<string>3B5E3BA815E3B403000D85E2</string>
				<string>3B0077CF15E1DEAB00A9FC1B</string>
				<string>3B0077D015E1DEAB00A9FC1B</string>
				<string>3B5E3BEF15EB58E9000D85E2</string>
				<string>3B5E3BF015EB58E9000D85E2</string>
				<string>3B0077D215E1DECA00A9FC1B</string>
				<string>3B0077D315E1DECA00A9FC1B</string>
			</array>
			<key>isa</key>
			<string>PBXGroup</string>
			<key>name</key>
			<string>Model</string>
			<key>sourceTree</key>
			<string>&lt;group&gt;</string>
		</dict>
		<key>3B0077D615E1DF4700A9FC1B</key>
		<dict>
			<key>children</key>
			<array>
				<string>3B8418F715EC344B0094AB81</string>
				<string>3B8418F815EC347B0094AB81</string>
				<string>3B8418F915EC348E0094AB81</string>
				<string>3B5E3B8015E384B4000D85E2</string>
				<string>3B5E3B8115E384B4000D85E2</string>
				<string>3B5E3BBD15E3B81B000D85E2</string>
				<string>3B5E3BBE15E3B81B000D85E2</string>
				<string>3B5E3BFE15EC2973000D85E2</string>
				<string>3B5E3BFF15EC2974000D85E2</string>
				<string>3BBB652E16168D1000D90D37</string>
				<string>3BBB652F16168D1000D90D37</string>
				<string>3BBB65311616999800D90D37</string>
				<string>3BBB65321616999900D90D37</string>
			</array>
			<key>isa</key>
			<string>PBXGroup</string>
			<key>name</key>
			<string>View Controllers</string>
			<key>sourceTree</key>
			<string>&lt;group&gt;</string>
		</dict>
		<key>3B0077D715E20C4800A9FC1B</key>
		<dict>
			<key>isa</key>
			<string>PBXFileReference</string>
			<key>lastKnownFileType</key>
			<string>wrapper.framework</string>
			<key>name</key>
			<string>CoreData.framework</string>
			<key>path</key>
			<string>System/Library/Frameworks/CoreData.framework</string>
			<key>sourceTree</key>
			<string>SDKROOT</string>
		</dict>
		<key>3B0077D815E20C4800A9FC1B</key>
		<dict>
			<key>fileRef</key>
			<string>3B0077D715E20C4800A9FC1B</string>
			<key>isa</key>
			<string>PBXBuildFile</string>
		</dict>
		<key>3B072A48161A10C800528F36</key>
		<dict>
			<key>fileEncoding</key>
			<string>4</string>
			<key>isa</key>
			<string>PBXFileReference</string>
			<key>lastKnownFileType</key>
			<string>sourcecode.c.h</string>
			<key>path</key>
			<string>DataEntryCell.h</string>
			<key>sourceTree</key>
			<string>&lt;group&gt;</string>
		</dict>
		<key>3B072A49161A10C900528F36</key>
		<dict>
			<key>fileEncoding</key>
			<string>4</string>
			<key>isa</key>
			<string>PBXFileReference</string>
			<key>lastKnownFileType</key>
			<string>sourcecode.c.objc</string>
			<key>path</key>
			<string>DataEntryCell.m</string>
			<key>sourceTree</key>
			<string>&lt;group&gt;</string>
		</dict>
		<key>3B072A4A161A10C900528F36</key>
		<dict>
			<key>fileRef</key>
			<string>3B072A49161A10C900528F36</string>
			<key>isa</key>
			<string>PBXBuildFile</string>
		</dict>
		<key>3B072A4B161A10D400528F36</key>
		<dict>
			<key>children</key>
			<array>
				<string>3B5E3B7E15E3848D000D85E2</string>
				<string>3B0077A615DA565000A9FC1B</string>
				<string>3B072A48161A10C800528F36</string>
				<string>3B072A49161A10C900528F36</string>
				<string>3B8FC436162920490077AE13</string>
				<string>3B8FC437162920490077AE13</string>
				<string>3B233001162DED6500C99856</string>
				<string>3B233002162DED6500C99856</string>
			</array>
			<key>isa</key>
			<string>PBXGroup</string>
			<key>name</key>
			<string>Views</string>
			<key>sourceTree</key>
			<string>&lt;group&gt;</string>
		</dict>
		<key>3B233001162DED6500C99856</key>
		<dict>
			<key>fileEncoding</key>
			<string>4</string>
			<key>isa</key>
			<string>PBXFileReference</string>
			<key>lastKnownFileType</key>
			<string>sourcecode.c.h</string>
			<key>path</key>
			<string>RCDatePicker.h</string>
			<key>sourceTree</key>
			<string>&lt;group&gt;</string>
		</dict>
		<key>3B233002162DED6500C99856</key>
		<dict>
			<key>fileEncoding</key>
			<string>4</string>
			<key>isa</key>
			<string>PBXFileReference</string>
			<key>lastKnownFileType</key>
			<string>sourcecode.c.objc</string>
			<key>path</key>
			<string>RCDatePicker.m</string>
			<key>sourceTree</key>
			<string>&lt;group&gt;</string>
		</dict>
		<key>3B233003162DED6500C99856</key>
		<dict>
			<key>fileRef</key>
			<string>3B233002162DED6500C99856</string>
			<key>isa</key>
			<string>PBXBuildFile</string>
		</dict>
		<key>3B503A111609638C003183BC</key>
		<dict>
			<key>fileEncoding</key>
			<string>4</string>
			<key>isa</key>
			<string>PBXFileReference</string>
			<key>lastKnownFileType</key>
			<string>sourcecode.c.h</string>
			<key>path</key>
			<string>GenericFlightTableViewController.h</string>
			<key>sourceTree</key>
			<string>&lt;group&gt;</string>
		</dict>
		<key>3B503A121609638C003183BC</key>
		<dict>
			<key>fileEncoding</key>
			<string>4</string>
			<key>isa</key>
			<string>PBXFileReference</string>
			<key>lastKnownFileType</key>
			<string>sourcecode.c.objc</string>
			<key>path</key>
			<string>GenericFlightTableViewController.m</string>
			<key>sourceTree</key>
			<string>&lt;group&gt;</string>
		</dict>
		<key>3B503A131609638C003183BC</key>
		<dict>
			<key>fileRef</key>
			<string>3B503A121609638C003183BC</string>
			<key>isa</key>
			<string>PBXBuildFile</string>
		</dict>
		<key>3B503A15160963A3003183BC</key>
		<dict>
			<key>fileEncoding</key>
			<string>4</string>
			<key>isa</key>
			<string>PBXFileReference</string>
			<key>lastKnownFileType</key>
			<string>sourcecode.c.h</string>
			<key>path</key>
			<string>GenericFundTableViewController.h</string>
			<key>sourceTree</key>
			<string>&lt;group&gt;</string>
		</dict>
		<key>3B503A16160963A3003183BC</key>
		<dict>
			<key>fileEncoding</key>
			<string>4</string>
			<key>isa</key>
			<string>PBXFileReference</string>
			<key>lastKnownFileType</key>
			<string>sourcecode.c.objc</string>
			<key>path</key>
			<string>GenericFundTableViewController.m</string>
			<key>sourceTree</key>
			<string>&lt;group&gt;</string>
		</dict>
		<key>3B503A17160963A3003183BC</key>
		<dict>
			<key>fileRef</key>
			<string>3B503A16160963A3003183BC</string>
			<key>isa</key>
			<string>PBXBuildFile</string>
		</dict>
		<key>3B503A31161115DC003183BC</key>
		<dict>
			<key>isa</key>
			<string>PBXFileReference</string>
			<key>lastKnownFileType</key>
			<string>wrapper.xcdatamodel</string>
			<key>path</key>
			<string>Database2.xcdatamodel</string>
			<key>sourceTree</key>
			<string>&lt;group&gt;</string>
		</dict>
		<key>3B503A3316111637003183BC</key>
		<dict>
			<key>fileEncoding</key>
			<string>4</string>
			<key>isa</key>
			<string>PBXFileReference</string>
			<key>lastKnownFileType</key>
			<string>sourcecode.c.h</string>
			<key>path</key>
			<string>Flight.h</string>
			<key>sourceTree</key>
			<string>&lt;group&gt;</string>
		</dict>
		<key>3B503A3416111637003183BC</key>
		<dict>
			<key>fileEncoding</key>
			<string>4</string>
			<key>isa</key>
			<string>PBXFileReference</string>
			<key>lastKnownFileType</key>
			<string>sourcecode.c.objc</string>
			<key>path</key>
			<string>Flight.m</string>
			<key>sourceTree</key>
			<string>&lt;group&gt;</string>
		</dict>
		<key>3B503A3516111637003183BC</key>
		<dict>
			<key>fileRef</key>
			<string>3B503A3416111637003183BC</string>
			<key>isa</key>
			<string>PBXBuildFile</string>
		</dict>
		<key>3B503A3616111638003183BC</key>
		<dict>
			<key>fileEncoding</key>
			<string>4</string>
			<key>isa</key>
			<string>PBXFileReference</string>
			<key>lastKnownFileType</key>
			<string>sourcecode.c.h</string>
			<key>path</key>
			<string>Fund.h</string>
			<key>sourceTree</key>
			<string>&lt;group&gt;</string>
		</dict>
		<key>3B503A3716111638003183BC</key>
		<dict>
			<key>fileEncoding</key>
			<string>4</string>
			<key>isa</key>
			<string>PBXFileReference</string>
			<key>lastKnownFileType</key>
			<string>sourcecode.c.objc</string>
			<key>path</key>
			<string>Fund.m</string>
			<key>sourceTree</key>
			<string>&lt;group&gt;</string>
		</dict>
		<key>3B503A3816111638003183BC</key>
		<dict>
			<key>fileRef</key>
			<string>3B503A3716111638003183BC</string>
			<key>isa</key>
			<string>PBXBuildFile</string>
		</dict>
		<key>3B503A3916111638003183BC</key>
		<dict>
			<key>fileEncoding</key>
			<string>4</string>
			<key>isa</key>
			<string>PBXFileReference</string>
			<key>lastKnownFileType</key>
			<string>sourcecode.c.h</string>
			<key>path</key>
			<string>Passenger.h</string>
			<key>sourceTree</key>
			<string>&lt;group&gt;</string>
		</dict>
		<key>3B503A3A16111638003183BC</key>
		<dict>
			<key>fileEncoding</key>
			<string>4</string>
			<key>isa</key>
			<string>PBXFileReference</string>
			<key>lastKnownFileType</key>
			<string>sourcecode.c.objc</string>
			<key>path</key>
			<string>Passenger.m</string>
			<key>sourceTree</key>
			<string>&lt;group&gt;</string>
		</dict>
		<key>3B503A3B16111638003183BC</key>
		<dict>
			<key>fileRef</key>
			<string>3B503A3A16111638003183BC</string>
			<key>isa</key>
			<string>PBXBuildFile</string>
		</dict>
		<key>3B503A3C16111638003183BC</key>
		<dict>
			<key>fileEncoding</key>
			<string>4</string>
			<key>isa</key>
			<string>PBXFileReference</string>
			<key>lastKnownFileType</key>
			<string>sourcecode.c.h</string>
			<key>path</key>
			<string>Airport.h</string>
			<key>sourceTree</key>
			<string>&lt;group&gt;</string>
		</dict>
		<key>3B503A3D16111638003183BC</key>
		<dict>
			<key>fileEncoding</key>
			<string>4</string>
			<key>isa</key>
			<string>PBXFileReference</string>
			<key>lastKnownFileType</key>
			<string>sourcecode.c.objc</string>
			<key>path</key>
			<string>Airport.m</string>
			<key>sourceTree</key>
			<string>&lt;group&gt;</string>
		</dict>
		<key>3B503A3E16111638003183BC</key>
		<dict>
			<key>fileRef</key>
			<string>3B503A3D16111638003183BC</string>
			<key>isa</key>
			<string>PBXBuildFile</string>
		</dict>
		<key>3B5E3B7E15E3848D000D85E2</key>
		<dict>
			<key>fileEncoding</key>
			<string>4</string>
			<key>isa</key>
			<string>PBXFileReference</string>
			<key>lastKnownFileType</key>
			<string>file.storyboard</string>
			<key>path</key>
			<string>iPhone.storyboard</string>
			<key>sourceTree</key>
			<string>&lt;group&gt;</string>
		</dict>
		<key>3B5E3B7F15E3848D000D85E2</key>
		<dict>
			<key>fileRef</key>
			<string>3B5E3B7E15E3848D000D85E2</string>
			<key>isa</key>
			<string>PBXBuildFile</string>
		</dict>
		<key>3B5E3B8015E384B4000D85E2</key>
		<dict>
			<key>fileEncoding</key>
			<string>4</string>
			<key>isa</key>
			<string>PBXFileReference</string>
			<key>lastKnownFileType</key>
			<string>sourcecode.c.h</string>
			<key>path</key>
			<string>GenericDataInputTableViewController.h</string>
			<key>sourceTree</key>
			<string>&lt;group&gt;</string>
		</dict>
		<key>3B5E3B8115E384B4000D85E2</key>
		<dict>
			<key>fileEncoding</key>
			<string>4</string>
			<key>isa</key>
			<string>PBXFileReference</string>
			<key>lastKnownFileType</key>
			<string>sourcecode.c.objc</string>
			<key>path</key>
			<string>GenericDataInputTableViewController.m</string>
			<key>sourceTree</key>
			<string>&lt;group&gt;</string>
		</dict>
		<key>3B5E3B8215E384B4000D85E2</key>
		<dict>
			<key>fileRef</key>
			<string>3B5E3B8115E384B4000D85E2</string>
			<key>isa</key>
			<string>PBXBuildFile</string>
		</dict>
		<key>3B5E3B8E15E38541000D85E2</key>
		<dict>
			<key>fileEncoding</key>
			<string>4</string>
			<key>isa</key>
			<string>PBXFileReference</string>
			<key>lastKnownFileType</key>
			<string>sourcecode.c.h</string>
			<key>path</key>
			<string>NewFlightTableViewController.h</string>
			<key>sourceTree</key>
			<string>&lt;group&gt;</string>
		</dict>
		<key>3B5E3B8F15E38541000D85E2</key>
		<dict>
			<key>fileEncoding</key>
			<string>4</string>
			<key>isa</key>
			<string>PBXFileReference</string>
			<key>lastKnownFileType</key>
			<string>sourcecode.c.objc</string>
			<key>path</key>
			<string>NewFlightTableViewController.m</string>
			<key>sourceTree</key>
			<string>&lt;group&gt;</string>
		</dict>
		<key>3B5E3B9015E38541000D85E2</key>
		<dict>
			<key>fileRef</key>
			<string>3B5E3B8F15E38541000D85E2</string>
			<key>isa</key>
			<string>PBXBuildFile</string>
		</dict>
		<key>3B5E3B9115E385AA000D85E2</key>
		<dict>
			<key>fileEncoding</key>
			<string>4</string>
			<key>isa</key>
			<string>PBXFileReference</string>
			<key>lastKnownFileType</key>
			<string>sourcecode.c.h</string>
			<key>path</key>
			<string>CoreDataTableViewController.h</string>
			<key>sourceTree</key>
			<string>&lt;group&gt;</string>
		</dict>
		<key>3B5E3B9215E385AA000D85E2</key>
		<dict>
			<key>fileEncoding</key>
			<string>4</string>
			<key>isa</key>
			<string>PBXFileReference</string>
			<key>lastKnownFileType</key>
			<string>sourcecode.c.objc</string>
			<key>path</key>
			<string>CoreDataTableViewController.m</string>
			<key>sourceTree</key>
			<string>&lt;group&gt;</string>
		</dict>
		<key>3B5E3B9315E385AA000D85E2</key>
		<dict>
			<key>fileEncoding</key>
			<string>4</string>
			<key>isa</key>
			<string>PBXFileReference</string>
			<key>lastKnownFileType</key>
			<string>sourcecode.c.h</string>
			<key>path</key>
			<string>TravelFundsTableViewController.h</string>
			<key>sourceTree</key>
			<string>&lt;group&gt;</string>
		</dict>
		<key>3B5E3B9415E385AA000D85E2</key>
		<dict>
			<key>fileEncoding</key>
			<string>4</string>
			<key>isa</key>
			<string>PBXFileReference</string>
			<key>lastKnownFileType</key>
			<string>sourcecode.c.objc</string>
			<key>path</key>
			<string>TravelFundsTableViewController.m</string>
			<key>sourceTree</key>
			<string>&lt;group&gt;</string>
		</dict>
		<key>3B5E3B9515E385AA000D85E2</key>
		<dict>
			<key>fileEncoding</key>
			<string>4</string>
			<key>isa</key>
			<string>PBXFileReference</string>
			<key>lastKnownFileType</key>
			<string>sourcecode.c.h</string>
			<key>path</key>
			<string>UpcomingFlightsTableViewController.h</string>
			<key>sourceTree</key>
			<string>&lt;group&gt;</string>
		</dict>
		<key>3B5E3B9615E385AA000D85E2</key>
		<dict>
			<key>fileEncoding</key>
			<string>4</string>
			<key>isa</key>
			<string>PBXFileReference</string>
			<key>lastKnownFileType</key>
			<string>sourcecode.c.objc</string>
			<key>path</key>
			<string>UpcomingFlightsTableViewController.m</string>
			<key>sourceTree</key>
			<string>&lt;group&gt;</string>
		</dict>
		<key>3B5E3B9715E385AB000D85E2</key>
		<dict>
			<key>fileRef</key>
			<string>3B5E3B9215E385AA000D85E2</string>
			<key>isa</key>
			<string>PBXBuildFile</string>
		</dict>
		<key>3B5E3B9815E385AB000D85E2</key>
		<dict>
			<key>fileRef</key>
			<string>3B5E3B9415E385AA000D85E2</string>
			<key>isa</key>
			<string>PBXBuildFile</string>
		</dict>
		<key>3B5E3B9915E385AB000D85E2</key>
		<dict>
			<key>fileRef</key>
			<string>3B5E3B9615E385AA000D85E2</string>
			<key>isa</key>
			<string>PBXBuildFile</string>
		</dict>
		<key>3B5E3BA815E3B403000D85E2</key>
		<dict>
			<key>children</key>
			<array>
				<string>3B503A31161115DC003183BC</string>
				<string>3B5E3BA915E3B403000D85E2</string>
			</array>
			<key>currentVersion</key>
			<string>3B503A31161115DC003183BC</string>
			<key>isa</key>
			<string>XCVersionGroup</string>
			<key>path</key>
			<string>Database.xcdatamodeld</string>
			<key>sourceTree</key>
			<string>&lt;group&gt;</string>
			<key>versionGroupType</key>
			<string>wrapper.xcdatamodel</string>
		</dict>
		<key>3B5E3BA915E3B403000D85E2</key>
		<dict>
			<key>isa</key>
			<string>PBXFileReference</string>
			<key>lastKnownFileType</key>
			<string>wrapper.xcdatamodel</string>
			<key>path</key>
			<string>Database.xcdatamodel</string>
			<key>sourceTree</key>
			<string>&lt;group&gt;</string>
		</dict>
		<key>3B5E3BAA15E3B403000D85E2</key>
		<dict>
			<key>fileRef</key>
			<string>3B5E3BA815E3B403000D85E2</string>
			<key>isa</key>
			<string>PBXBuildFile</string>
		</dict>
		<key>3B5E3BBD15E3B81B000D85E2</key>
		<dict>
			<key>fileEncoding</key>
			<string>4</string>
			<key>isa</key>
			<string>PBXFileReference</string>
			<key>lastKnownFileType</key>
			<string>sourcecode.c.h</string>
			<key>path</key>
			<string>AirportPickerViewController.h</string>
			<key>sourceTree</key>
			<string>&lt;group&gt;</string>
		</dict>
		<key>3B5E3BBE15E3B81B000D85E2</key>
		<dict>
			<key>fileEncoding</key>
			<string>4</string>
			<key>isa</key>
			<string>PBXFileReference</string>
			<key>lastKnownFileType</key>
			<string>sourcecode.c.objc</string>
			<key>path</key>
			<string>AirportPickerViewController.m</string>
			<key>sourceTree</key>
			<string>&lt;group&gt;</string>
		</dict>
		<key>3B5E3BBF15E3B81B000D85E2</key>
		<dict>
			<key>fileRef</key>
			<string>3B5E3BBE15E3B81B000D85E2</string>
			<key>isa</key>
			<string>PBXBuildFile</string>
		</dict>
		<key>3B5E3BD615E78005000D85E2</key>
		<dict>
			<key>fileEncoding</key>
			<string>4</string>
			<key>isa</key>
			<string>PBXFileReference</string>
			<key>lastKnownFileType</key>
			<string>sourcecode.c.h</string>
			<key>path</key>
			<string>FlightDetailsTableViewController.h</string>
			<key>sourceTree</key>
			<string>&lt;group&gt;</string>
		</dict>
		<key>3B5E3BD715E78005000D85E2</key>
		<dict>
			<key>fileEncoding</key>
			<string>4</string>
			<key>isa</key>
			<string>PBXFileReference</string>
			<key>lastKnownFileType</key>
			<string>sourcecode.c.objc</string>
			<key>path</key>
			<string>FlightDetailsTableViewController.m</string>
			<key>sourceTree</key>
			<string>&lt;group&gt;</string>
		</dict>
		<key>3B5E3BD815E78005000D85E2</key>
		<dict>
			<key>fileRef</key>
			<string>3B5E3BD715E78005000D85E2</string>
			<key>isa</key>
			<string>PBXBuildFile</string>
		</dict>
		<key>3B5E3BE115EB21B8000D85E2</key>
		<dict>
			<key>fileEncoding</key>
			<string>4</string>
			<key>isa</key>
			<string>PBXFileReference</string>
			<key>lastKnownFileType</key>
			<string>text.plist.xml</string>
			<key>path</key>
			<string>airportInfo.plist</string>
			<key>sourceTree</key>
			<string>&lt;group&gt;</string>
		</dict>
		<key>3B5E3BE215EB21B9000D85E2</key>
		<dict>
			<key>fileRef</key>
			<string>3B5E3BE115EB21B8000D85E2</string>
			<key>isa</key>
			<string>PBXBuildFile</string>
		</dict>
		<key>3B5E3BEF15EB58E9000D85E2</key>
		<dict>
			<key>fileEncoding</key>
			<string>4</string>
			<key>isa</key>
			<string>PBXFileReference</string>
			<key>lastKnownFileType</key>
			<string>sourcecode.c.h</string>
			<key>path</key>
			<string>Airport+Create.h</string>
			<key>sourceTree</key>
			<string>&lt;group&gt;</string>
		</dict>
		<key>3B5E3BF015EB58E9000D85E2</key>
		<dict>
			<key>fileEncoding</key>
			<string>4</string>
			<key>isa</key>
			<string>PBXFileReference</string>
			<key>lastKnownFileType</key>
			<string>sourcecode.c.objc</string>
			<key>path</key>
			<string>Airport+Create.m</string>
			<key>sourceTree</key>
			<string>&lt;group&gt;</string>
		</dict>
		<key>3B5E3BF115EB58E9000D85E2</key>
		<dict>
			<key>fileRef</key>
			<string>3B5E3BF015EB58E9000D85E2</string>
			<key>isa</key>
			<string>PBXBuildFile</string>
		</dict>
		<key>3B5E3BFE15EC2973000D85E2</key>
		<dict>
			<key>fileEncoding</key>
			<string>4</string>
			<key>isa</key>
			<string>PBXFileReference</string>
			<key>lastKnownFileType</key>
			<string>sourcecode.c.h</string>
			<key>path</key>
			<string>DateAndCurrencyFormatter.h</string>
			<key>sourceTree</key>
			<string>&lt;group&gt;</string>
		</dict>
		<key>3B5E3BFF15EC2974000D85E2</key>
		<dict>
			<key>fileEncoding</key>
			<string>4</string>
			<key>isa</key>
			<string>PBXFileReference</string>
			<key>lastKnownFileType</key>
			<string>sourcecode.c.objc</string>
			<key>path</key>
			<string>DateAndCurrencyFormatter.m</string>
			<key>sourceTree</key>
			<string>&lt;group&gt;</string>
		</dict>
		<key>3B5E3C0015EC2974000D85E2</key>
		<dict>
			<key>fileRef</key>
			<string>3B5E3BFF15EC2974000D85E2</string>
			<key>isa</key>
			<string>PBXBuildFile</string>
		</dict>
		<key>3B7B33FE15F0AF3000B6AC61</key>
		<dict>
			<key>fileEncoding</key>
			<string>4</string>
			<key>isa</key>
			<string>PBXFileReference</string>
			<key>lastKnownFileType</key>
			<string>sourcecode.c.h</string>
			<key>path</key>
			<string>FundSelectionTableViewController.h</string>
			<key>sourceTree</key>
			<string>&lt;group&gt;</string>
		</dict>
		<key>3B7B33FF15F0AF3000B6AC61</key>
		<dict>
			<key>fileEncoding</key>
			<string>4</string>
			<key>isa</key>
			<string>PBXFileReference</string>
			<key>lastKnownFileType</key>
			<string>sourcecode.c.objc</string>
			<key>path</key>
			<string>FundSelectionTableViewController.m</string>
			<key>sourceTree</key>
			<string>&lt;group&gt;</string>
		</dict>
		<key>3B7B340015F0AF3000B6AC61</key>
		<dict>
			<key>fileRef</key>
			<string>3B7B33FF15F0AF3000B6AC61</string>
			<key>isa</key>
			<string>PBXBuildFile</string>
		</dict>
		<key>3B7B340715F8246C00B6AC61</key>
		<dict>
			<key>isa</key>
			<string>PBXFileReference</string>
			<key>lastKnownFileType</key>
			<string>image.png</string>
			<key>name</key>
			<string>Icon-72@2x.png</string>
			<key>path</key>
			<string>../Icon-72@2x.png</string>
			<key>sourceTree</key>
			<string>&lt;group&gt;</string>
		</dict>
		<key>3B7B340815F8246C00B6AC61</key>
		<dict>
			<key>fileRef</key>
			<string>3B7B340715F8246C00B6AC61</string>
			<key>isa</key>
			<string>PBXBuildFile</string>
		</dict>
		<key>3B7B340915F8248D00B6AC61</key>
		<dict>
			<key>isa</key>
			<string>PBXFileReference</string>
			<key>lastKnownFileType</key>
			<string>image.png</string>
			<key>name</key>
			<string>Icon-72.png</string>
			<key>path</key>
			<string>../Icon-72.png</string>
			<key>sourceTree</key>
			<string>&lt;group&gt;</string>
		</dict>
		<key>3B7B340A15F8248D00B6AC61</key>
		<dict>
			<key>fileRef</key>
			<string>3B7B340915F8248D00B6AC61</string>
			<key>isa</key>
			<string>PBXBuildFile</string>
		</dict>
		<key>3B7B340B15F824BC00B6AC61</key>
		<dict>
			<key>isa</key>
			<string>PBXFileReference</string>
			<key>lastKnownFileType</key>
			<string>image.png</string>
			<key>name</key>
			<string>Default-Portrait~ipad.png</string>
			<key>path</key>
			<string>../Default-Portrait~ipad.png</string>
			<key>sourceTree</key>
			<string>&lt;group&gt;</string>
		</dict>
		<key>3B7B340C15F824BC00B6AC61</key>
		<dict>
			<key>fileRef</key>
			<string>3B7B340B15F824BC00B6AC61</string>
			<key>isa</key>
			<string>PBXBuildFile</string>
		</dict>
		<key>3B7B340D15F824C000B6AC61</key>
		<dict>
			<key>isa</key>
			<string>PBXFileReference</string>
			<key>lastKnownFileType</key>
			<string>image.png</string>
			<key>name</key>
			<string>Default-Portrait@2x~ipad.png</string>
			<key>path</key>
			<string>../Default-Portrait@2x~ipad.png</string>
			<key>sourceTree</key>
			<string>&lt;group&gt;</string>
		</dict>
		<key>3B7B340E15F824C000B6AC61</key>
		<dict>
			<key>fileRef</key>
			<string>3B7B340D15F824C000B6AC61</string>
			<key>isa</key>
			<string>PBXBuildFile</string>
		</dict>
		<key>3B7B340F15F824C700B6AC61</key>
		<dict>
			<key>isa</key>
			<string>PBXFileReference</string>
			<key>lastKnownFileType</key>
			<string>image.png</string>
			<key>name</key>
			<string>Default-Landscape~ipad.png</string>
			<key>path</key>
			<string>../Default-Landscape~ipad.png</string>
			<key>sourceTree</key>
			<string>&lt;group&gt;</string>
		</dict>
		<key>3B7B341015F824C700B6AC61</key>
		<dict>
			<key>fileRef</key>
			<string>3B7B340F15F824C700B6AC61</string>
			<key>isa</key>
			<string>PBXBuildFile</string>
		</dict>
		<key>3B7B341115F824CA00B6AC61</key>
		<dict>
			<key>isa</key>
			<string>PBXFileReference</string>
			<key>lastKnownFileType</key>
			<string>image.png</string>
			<key>name</key>
			<string>Default-Landscape@2x~ipad.png</string>
			<key>path</key>
			<string>../Default-Landscape@2x~ipad.png</string>
			<key>sourceTree</key>
			<string>&lt;group&gt;</string>
		</dict>
		<key>3B7B341215F824CA00B6AC61</key>
		<dict>
			<key>fileRef</key>
			<string>3B7B341115F824CA00B6AC61</string>
			<key>isa</key>
			<string>PBXBuildFile</string>
		</dict>
		<key>3B8418F715EC344B0094AB81</key>
		<dict>
			<key>children</key>
			<array>
				<string>3B5E3B9115E385AA000D85E2</string>
				<string>3B5E3B9215E385AA000D85E2</string>
				<string>3B5E3B9315E385AA000D85E2</string>
				<string>3B5E3B9415E385AA000D85E2</string>
				<string>3B5E3B9515E385AA000D85E2</string>
				<string>3B5E3B9615E385AA000D85E2</string>
			</array>
			<key>isa</key>
			<string>PBXGroup</string>
			<key>name</key>
			<string>Core Data</string>
			<key>sourceTree</key>
			<string>&lt;group&gt;</string>
		</dict>
		<key>3B8418F815EC347B0094AB81</key>
		<dict>
			<key>children</key>
			<array>
				<string>3B503A111609638C003183BC</string>
				<string>3B503A121609638C003183BC</string>
				<string>3B5E3BD615E78005000D85E2</string>
				<string>3B5E3BD715E78005000D85E2</string>
				<string>3B5E3B8E15E38541000D85E2</string>
				<string>3B5E3B8F15E38541000D85E2</string>
			</array>
			<key>isa</key>
			<string>PBXGroup</string>
			<key>name</key>
			<string>Upcoming Flights</string>
			<key>sourceTree</key>
			<string>&lt;group&gt;</string>
		</dict>
		<key>3B8418F915EC348E0094AB81</key>
		<dict>
			<key>children</key>
			<array>
				<string>3B503A15160963A3003183BC</string>
				<string>3B503A16160963A3003183BC</string>
				<string>3B8418FA15EC359B0094AB81</string>
				<string>3B8418FB15EC359B0094AB81</string>
				<string>3B8418FD15EC35BB0094AB81</string>
				<string>3B8418FE15EC35BB0094AB81</string>
				<string>3B7B33FE15F0AF3000B6AC61</string>
				<string>3B7B33FF15F0AF3000B6AC61</string>
			</array>
			<key>isa</key>
			<string>PBXGroup</string>
			<key>name</key>
			<string>Travel Funds</string>
			<key>sourceTree</key>
			<string>&lt;group&gt;</string>
		</dict>
		<key>3B8418FA15EC359B0094AB81</key>
		<dict>
			<key>fileEncoding</key>
			<string>4</string>
			<key>isa</key>
			<string>PBXFileReference</string>
			<key>lastKnownFileType</key>
			<string>sourcecode.c.h</string>
			<key>path</key>
			<string>FundDetailsTableViewController.h</string>
			<key>sourceTree</key>
			<string>&lt;group&gt;</string>
		</dict>
		<key>3B8418FB15EC359B0094AB81</key>
		<dict>
			<key>fileEncoding</key>
			<string>4</string>
			<key>isa</key>
			<string>PBXFileReference</string>
			<key>lastKnownFileType</key>
			<string>sourcecode.c.objc</string>
			<key>path</key>
			<string>FundDetailsTableViewController.m</string>
			<key>sourceTree</key>
			<string>&lt;group&gt;</string>
		</dict>
		<key>3B8418FC15EC359B0094AB81</key>
		<dict>
			<key>fileRef</key>
			<string>3B8418FB15EC359B0094AB81</string>
			<key>isa</key>
			<string>PBXBuildFile</string>
		</dict>
		<key>3B8418FD15EC35BB0094AB81</key>
		<dict>
			<key>fileEncoding</key>
			<string>4</string>
			<key>isa</key>
			<string>PBXFileReference</string>
			<key>lastKnownFileType</key>
			<string>sourcecode.c.h</string>
			<key>path</key>
			<string>NewFundTableViewController.h</string>
			<key>sourceTree</key>
			<string>&lt;group&gt;</string>
		</dict>
		<key>3B8418FE15EC35BB0094AB81</key>
		<dict>
			<key>fileEncoding</key>
			<string>4</string>
			<key>isa</key>
			<string>PBXFileReference</string>
			<key>lastKnownFileType</key>
			<string>sourcecode.c.objc</string>
			<key>path</key>
			<string>NewFundTableViewController.m</string>
			<key>sourceTree</key>
			<string>&lt;group&gt;</string>
		</dict>
		<key>3B8418FF15EC35BB0094AB81</key>
		<dict>
			<key>fileRef</key>
			<string>3B8418FE15EC35BB0094AB81</string>
			<key>isa</key>
			<string>PBXBuildFile</string>
		</dict>
		<key>3B84190015ECA0950094AB81</key>
		<dict>
			<key>isa</key>
			<string>PBXFileReference</string>
			<key>lastKnownFileType</key>
			<string>image.png</string>
			<key>path</key>
			<string>33-cabinet.png</string>
			<key>sourceTree</key>
			<string>&lt;group&gt;</string>
		</dict>
		<key>3B84190115ECA0950094AB81</key>
		<dict>
			<key>isa</key>
			<string>PBXFileReference</string>
			<key>lastKnownFileType</key>
			<string>image.png</string>
			<key>path</key>
			<string>33-cabinet@2x.png</string>
			<key>sourceTree</key>
			<string>&lt;group&gt;</string>
		</dict>
		<key>3B84190215ECA0950094AB81</key>
		<dict>
			<key>isa</key>
			<string>PBXFileReference</string>
			<key>lastKnownFileType</key>
			<string>image.png</string>
			<key>path</key>
			<string>38-airplane.png</string>
			<key>sourceTree</key>
			<string>&lt;group&gt;</string>
		</dict>
		<key>3B84190315ECA0950094AB81</key>
		<dict>
			<key>isa</key>
			<string>PBXFileReference</string>
			<key>lastKnownFileType</key>
			<string>image.png</string>
			<key>path</key>
			<string>38-airplane@2x.png</string>
			<key>sourceTree</key>
			<string>&lt;group&gt;</string>
		</dict>
		<key>3B84190415ECA0950094AB81</key>
		<dict>
			<key>fileRef</key>
			<string>3B84190015ECA0950094AB81</string>
			<key>isa</key>
			<string>PBXBuildFile</string>
		</dict>
		<key>3B84190515ECA0950094AB81</key>
		<dict>
			<key>fileRef</key>
			<string>3B84190115ECA0950094AB81</string>
			<key>isa</key>
			<string>PBXBuildFile</string>
		</dict>
		<key>3B84190615ECA0950094AB81</key>
		<dict>
			<key>fileRef</key>
			<string>3B84190215ECA0950094AB81</string>
			<key>isa</key>
			<string>PBXBuildFile</string>
		</dict>
		<key>3B84190715ECA0950094AB81</key>
		<dict>
			<key>fileRef</key>
			<string>3B84190315ECA0950094AB81</string>
			<key>isa</key>
			<string>PBXBuildFile</string>
		</dict>
		<key>3B84191415EDC6D10094AB81</key>
		<dict>
			<key>isa</key>
			<string>PBXFileReference</string>
			<key>lastKnownFileType</key>
			<string>image.png</string>
			<key>name</key>
			<string>icon.png</string>
			<key>path</key>
			<string>../icon.png</string>
			<key>sourceTree</key>
			<string>&lt;group&gt;</string>
		</dict>
		<key>3B84191515EDC6D10094AB81</key>
		<dict>
			<key>fileRef</key>
			<string>3B84191415EDC6D10094AB81</string>
			<key>isa</key>
			<string>PBXBuildFile</string>
		</dict>
		<key>3B84191715EDC6D40094AB81</key>
		<dict>
			<key>isa</key>
			<string>PBXFileReference</string>
			<key>lastKnownFileType</key>
			<string>image.png</string>
			<key>name</key>
			<string>icon@2x.png</string>
			<key>path</key>
			<string>../icon@2x.png</string>
			<key>sourceTree</key>
			<string>&lt;group&gt;</string>
		</dict>
		<key>3B84191815EDC6D40094AB81</key>
		<dict>
			<key>fileRef</key>
			<string>3B84191715EDC6D40094AB81</string>
			<key>isa</key>
			<string>PBXBuildFile</string>
		</dict>
		<key>3B84191915EDFC730094AB81</key>
		<dict>
			<key>children</key>
			<array>
				<string>3B84191415EDC6D10094AB81</string>
				<string>3B84191715EDC6D40094AB81</string>
				<string>3B7B340915F8248D00B6AC61</string>
				<string>3B7B340715F8246C00B6AC61</string>
				<string>3B7B341115F824CA00B6AC61</string>
				<string>3B7B340F15F824C700B6AC61</string>
				<string>3B7B340D15F824C000B6AC61</string>
				<string>3B7B340B15F824BC00B6AC61</string>
				<string>3B84192015EE02A60094AB81</string>
				<string>3B84191E15EE02990094AB81</string>
				<string>3BBB651E1613E62600D90D37</string>
				<string>3B84190015ECA0950094AB81</string>
				<string>3B84190115ECA0950094AB81</string>
				<string>3B84190215ECA0950094AB81</string>
				<string>3B84190315ECA0950094AB81</string>
				<string>3B8FC43A1629207C0077AE13</string>
				<string>3B8FC43B1629207C0077AE13</string>
			</array>
			<key>isa</key>
			<string>PBXGroup</string>
			<key>name</key>
			<string>Images</string>
			<key>sourceTree</key>
			<string>&lt;group&gt;</string>
		</dict>
		<key>3B84191E15EE02990094AB81</key>
		<dict>
			<key>isa</key>
			<string>PBXFileReference</string>
			<key>lastKnownFileType</key>
			<string>image.png</string>
			<key>name</key>
			<string>Default.png</string>
			<key>path</key>
			<string>../Default.png</string>
			<key>sourceTree</key>
			<string>&lt;group&gt;</string>
		</dict>
		<key>3B84191F15EE02990094AB81</key>
		<dict>
			<key>fileRef</key>
			<string>3B84191E15EE02990094AB81</string>
			<key>isa</key>
			<string>PBXBuildFile</string>
		</dict>
		<key>3B84192015EE02A60094AB81</key>
		<dict>
			<key>isa</key>
			<string>PBXFileReference</string>
			<key>lastKnownFileType</key>
			<string>image.png</string>
			<key>name</key>
			<string>Default@2x.png</string>
			<key>path</key>
			<string>../Default@2x.png</string>
			<key>sourceTree</key>
			<string>&lt;group&gt;</string>
		</dict>
		<key>3B84192115EE02A60094AB81</key>
		<dict>
			<key>fileRef</key>
			<string>3B84192015EE02A60094AB81</string>
			<key>isa</key>
			<string>PBXBuildFile</string>
		</dict>
		<key>3B84193115EEAFB10094AB81</key>
		<dict>
			<key>fileEncoding</key>
			<string>4</string>
			<key>isa</key>
			<string>PBXFileReference</string>
			<key>lastKnownFileType</key>
			<string>sourcecode.c.h</string>
			<key>path</key>
			<string>DatabaseHelper.h</string>
			<key>sourceTree</key>
			<string>&lt;group&gt;</string>
		</dict>
		<key>3B84193215EEAFB10094AB81</key>
		<dict>
			<key>fileEncoding</key>
			<string>4</string>
			<key>isa</key>
			<string>PBXFileReference</string>
			<key>lastKnownFileType</key>
			<string>sourcecode.c.objc</string>
			<key>path</key>
			<string>DatabaseHelper.m</string>
			<key>sourceTree</key>
			<string>&lt;group&gt;</string>
		</dict>
		<key>3B84193315EEAFB10094AB81</key>
		<dict>
			<key>fileRef</key>
			<string>3B84193215EEAFB10094AB81</string>
			<key>isa</key>
			<string>PBXBuildFile</string>
		</dict>
		<key>3B8FC436162920490077AE13</key>
		<dict>
			<key>fileEncoding</key>
			<string>4</string>
			<key>isa</key>
			<string>PBXFileReference</string>
			<key>lastKnownFileType</key>
			<string>sourcecode.c.h</string>
			<key>path</key>
			<string>EGORefreshTableHeaderView.h</string>
			<key>sourceTree</key>
			<string>&lt;group&gt;</string>
		</dict>
		<key>3B8FC437162920490077AE13</key>
		<dict>
			<key>fileEncoding</key>
			<string>4</string>
			<key>isa</key>
			<string>PBXFileReference</string>
			<key>lastKnownFileType</key>
			<string>sourcecode.c.objc</string>
			<key>path</key>
			<string>EGORefreshTableHeaderView.m</string>
			<key>sourceTree</key>
			<string>&lt;group&gt;</string>
		</dict>
		<key>3B8FC438162920490077AE13</key>
		<dict>
			<key>fileRef</key>
			<string>3B8FC437162920490077AE13</string>
			<key>isa</key>
			<string>PBXBuildFile</string>
		</dict>
		<key>3B8FC43A1629207C0077AE13</key>
		<dict>
			<key>isa</key>
			<string>PBXFileReference</string>
			<key>lastKnownFileType</key>
			<string>image.png</string>
			<key>path</key>
			<string>blueArrow.png</string>
			<key>sourceTree</key>
			<string>&lt;group&gt;</string>
		</dict>
		<key>3B8FC43B1629207C0077AE13</key>
		<dict>
			<key>isa</key>
			<string>PBXFileReference</string>
			<key>lastKnownFileType</key>
			<string>image.png</string>
			<key>path</key>
			<string>blueArrow@2x.png</string>
			<key>sourceTree</key>
			<string>&lt;group&gt;</string>
		</dict>
		<key>3B8FC43C1629207C0077AE13</key>
		<dict>
			<key>fileRef</key>
			<string>3B8FC43A1629207C0077AE13</string>
			<key>isa</key>
			<string>PBXBuildFile</string>
		</dict>
		<key>3B8FC43D1629207C0077AE13</key>
		<dict>
			<key>fileRef</key>
			<string>3B8FC43B1629207C0077AE13</string>
			<key>isa</key>
			<string>PBXBuildFile</string>
		</dict>
		<key>3B8FC43E162922A70077AE13</key>
		<dict>
			<key>isa</key>
			<string>PBXFileReference</string>
			<key>lastKnownFileType</key>
			<string>wrapper.framework</string>
			<key>name</key>
			<string>QuartzCore.framework</string>
			<key>path</key>
			<string>System/Library/Frameworks/QuartzCore.framework</string>
			<key>sourceTree</key>
			<string>SDKROOT</string>
		</dict>
		<key>3B8FC43F162922A70077AE13</key>
		<dict>
			<key>fileRef</key>
			<string>3B8FC43E162922A70077AE13</string>
			<key>isa</key>
			<string>PBXBuildFile</string>
		</dict>
		<key>3BBB651E1613E62600D90D37</key>
		<dict>
			<key>isa</key>
			<string>PBXFileReference</string>
			<key>lastKnownFileType</key>
			<string>image.png</string>
			<key>name</key>
			<string>Default-568h@2x.png</string>
			<key>path</key>
			<string>../Default-568h@2x.png</string>
			<key>sourceTree</key>
			<string>&lt;group&gt;</string>
		</dict>
		<key>3BBB651F1613E62600D90D37</key>
		<dict>
			<key>fileRef</key>
			<string>3BBB651E1613E62600D90D37</string>
			<key>isa</key>
			<string>PBXBuildFile</string>
		</dict>
		<key>3BBB65211614C5C800D90D37</key>
		<dict>
			<key>fileEncoding</key>
			<string>4</string>
			<key>isa</key>
			<string>PBXFileReference</string>
			<key>lastKnownFileType</key>
			<string>sourcecode.c.h</string>
			<key>path</key>
			<string>FlurryAnalytics.h</string>
			<key>sourceTree</key>
			<string>&lt;group&gt;</string>
		</dict>
		<key>3BBB65221614C5C800D90D37</key>
		<dict>
			<key>isa</key>
			<string>PBXFileReference</string>
			<key>lastKnownFileType</key>
			<string>archive.ar</string>
			<key>path</key>
			<string>libFlurryAnalytics.a</string>
			<key>sourceTree</key>
			<string>&lt;group&gt;</string>
		</dict>
		<key>3BBB65231614C5C800D90D37</key>
		<dict>
			<key>fileRef</key>
			<string>3BBB65221614C5C800D90D37</string>
			<key>isa</key>
			<string>PBXBuildFile</string>
		</dict>
		<key>3BBB652E16168D1000D90D37</key>
		<dict>
			<key>fileEncoding</key>
			<string>4</string>
			<key>isa</key>
			<string>PBXFileReference</string>
			<key>lastKnownFileType</key>
			<string>sourcecode.c.h</string>
			<key>name</key>
			<string>AboutViewController.h</string>
			<key>path</key>
			<string>../AboutViewController.h</string>
			<key>sourceTree</key>
			<string>&lt;group&gt;</string>
		</dict>
		<key>3BBB652F16168D1000D90D37</key>
		<dict>
			<key>fileEncoding</key>
			<string>4</string>
			<key>isa</key>
			<string>PBXFileReference</string>
			<key>lastKnownFileType</key>
			<string>sourcecode.c.objc</string>
			<key>name</key>
			<string>AboutViewController.m</string>
			<key>path</key>
			<string>../AboutViewController.m</string>
			<key>sourceTree</key>
			<string>&lt;group&gt;</string>
		</dict>
		<key>3BBB653016168D1000D90D37</key>
		<dict>
			<key>fileRef</key>
			<string>3BBB652F16168D1000D90D37</string>
			<key>isa</key>
			<string>PBXBuildFile</string>
		</dict>
		<key>3BBB65311616999800D90D37</key>
		<dict>
			<key>fileEncoding</key>
			<string>4</string>
			<key>isa</key>
			<string>PBXFileReference</string>
			<key>lastKnownFileType</key>
			<string>sourcecode.c.h</string>
			<key>path</key>
			<string>DataEntryTableViewController.h</string>
			<key>sourceTree</key>
			<string>&lt;group&gt;</string>
		</dict>
		<key>3BBB65321616999900D90D37</key>
		<dict>
			<key>fileEncoding</key>
			<string>4</string>
			<key>isa</key>
			<string>PBXFileReference</string>
			<key>lastKnownFileType</key>
			<string>sourcecode.c.objc</string>
			<key>path</key>
			<string>DataEntryTableViewController.m</string>
			<key>sourceTree</key>
			<string>&lt;group&gt;</string>
		</dict>
		<key>3BBB65331616999900D90D37</key>
		<dict>
			<key>fileRef</key>
			<string>3BBB65321616999900D90D37</string>
			<key>isa</key>
			<string>PBXBuildFile</string>
		</dict>
		<key>3BE2D7A216262BB600C94813</key>
		<dict>
			<key>isa</key>
			<string>PBXFileReference</string>
			<key>lastKnownFileType</key>
			<string>wrapper.framework</string>
			<key>name</key>
			<string>MessageUI.framework</string>
			<key>path</key>
			<string>System/Library/Frameworks/MessageUI.framework</string>
			<key>sourceTree</key>
			<string>SDKROOT</string>
		</dict>
		<key>3BE2D7A316262BB600C94813</key>
		<dict>
			<key>fileRef</key>
			<string>3BE2D7A216262BB600C94813</string>
			<key>isa</key>
			<string>PBXBuildFile</string>
		</dict>
		<key>C76FF448F3A74572BBB1368E</key>
		<dict>
			<key>fileRef</key>
			<string>F40378CBC22C4C359217ECB5</string>
			<key>isa</key>
			<string>PBXBuildFile</string>
		</dict>
		<key>E3DEAFA98B3341AAAE05134D</key>
		<dict>
			<key>buildActionMask</key>
			<string>2147483647</string>
			<key>files</key>
			<array/>
			<key>inputPaths</key>
			<array/>
			<key>isa</key>
			<string>PBXShellScriptBuildPhase</string>
			<key>name</key>
			<string>Check Pods Manifest.lock</string>
			<key>outputPaths</key>
			<array/>
			<key>runOnlyForDeploymentPostprocessing</key>
			<string>0</string>
			<key>shellPath</key>
			<string>/bin/sh</string>
			<key>shellScript</key>
			<string>diff "${PODS_ROOT}/../Podfile.lock" "${PODS_ROOT}/Manifest.lock" &gt; /dev/null
if [[ $? != 0 ]] ; then
    cat &lt;&lt; EOM
error: The sandbox is not in sync with the Podfile.lock. Run 'pod install' or update your CocoaPods installation.
EOM
    exit 1
fi
</string>
			<key>showEnvVarsInLog</key>
			<string>0</string>
		</dict>
		<key>F40378CBC22C4C359217ECB5</key>
		<dict>
			<key>explicitFileType</key>
			<string>archive.ar</string>
			<key>includeInIndex</key>
			<string>0</string>
			<key>isa</key>
			<string>PBXFileReference</string>
			<key>path</key>
			<string>libPods.a</string>
			<key>sourceTree</key>
			<string>BUILT_PRODUCTS_DIR</string>
		</dict>
	</dict>
	<key>rootObject</key>
	<string>3B00778415DA565000A9FC1B</string>
</dict>
</plist>
